// !$*UTF8*$!
{
	archiveVersion = 1;
	classes = {
	};
	objectVersion = 46;
	objects = {

/* Begin PBXBuildFile section */
		631B68231BBBD9B600DF93E7 /* IndexPath.swift in Sources */ = {isa = PBXBuildFile; fileRef = 631B68221BBBD9B600DF93E7 /* IndexPath.swift */; settings = {ASSET_TAGS = (); }; };
		631B68241BBBD9B600DF93E7 /* IndexPath.swift in Sources */ = {isa = PBXBuildFile; fileRef = 631B68221BBBD9B600DF93E7 /* IndexPath.swift */; settings = {ASSET_TAGS = (); }; };
		631B68251BBBD9B600DF93E7 /* IndexPath.swift in Sources */ = {isa = PBXBuildFile; fileRef = 631B68221BBBD9B600DF93E7 /* IndexPath.swift */; settings = {ASSET_TAGS = (); }; };
		631B68271BBCAE9500DF93E7 /* IndexPathInterval.swift in Sources */ = {isa = PBXBuildFile; fileRef = 631B68261BBCAE9500DF93E7 /* IndexPathInterval.swift */; settings = {ASSET_TAGS = (); }; };
		631B68281BBCAE9500DF93E7 /* IndexPathInterval.swift in Sources */ = {isa = PBXBuildFile; fileRef = 631B68261BBCAE9500DF93E7 /* IndexPathInterval.swift */; settings = {ASSET_TAGS = (); }; };
		631B68291BBCAE9500DF93E7 /* IndexPathInterval.swift in Sources */ = {isa = PBXBuildFile; fileRef = 631B68261BBCAE9500DF93E7 /* IndexPathInterval.swift */; settings = {ASSET_TAGS = (); }; };
		63847C6119E79C0C0098BC0E /* SwiftExt.framework in Frameworks */ = {isa = PBXBuildFile; fileRef = 63847C5519E79C0C0098BC0E /* SwiftExt.framework */; };
		63847C7F19E79C200098BC0E /* SwiftExt.framework in Frameworks */ = {isa = PBXBuildFile; fileRef = 63847C7419E79C200098BC0E /* SwiftExt.framework */; };
		63887FAF1BAD0BF60063FC09 /* Date.swift in Sources */ = {isa = PBXBuildFile; fileRef = 63887F951BAD0BDF0063FC09 /* Date.swift */; settings = {ASSET_TAGS = (); }; };
		63887FB01BAD0BF60063FC09 /* TimeInterval.swift in Sources */ = {isa = PBXBuildFile; fileRef = 63887F961BAD0BDF0063FC09 /* TimeInterval.swift */; settings = {ASSET_TAGS = (); }; };
		63887FB11BAD0BF60063FC09 /* Array+Operator.swift in Sources */ = {isa = PBXBuildFile; fileRef = 63887F981BAD0BDF0063FC09 /* Array+Operator.swift */; settings = {ASSET_TAGS = (); }; };
		63887FB21BAD0BF60063FC09 /* SequenceType+MultipleMap.swift in Sources */ = {isa = PBXBuildFile; fileRef = 63887F991BAD0BDF0063FC09 /* SequenceType+MultipleMap.swift */; settings = {ASSET_TAGS = (); }; };
		63887FB31BAD0BF60063FC09 /* Indexable+IndexCap.swift in Sources */ = {isa = PBXBuildFile; fileRef = 63887F9A1BAD0BDF0063FC09 /* Indexable+IndexCap.swift */; settings = {ASSET_TAGS = (); }; };
		63887FB41BAD0BF60063FC09 /* CollectionType+Diff.swift in Sources */ = {isa = PBXBuildFile; fileRef = 63887F9B1BAD0BDF0063FC09 /* CollectionType+Diff.swift */; settings = {ASSET_TAGS = (); }; };
		63887FB51BAD0BF60063FC09 /* SequenceType+Contains.swift in Sources */ = {isa = PBXBuildFile; fileRef = 63887F9C1BAD0BDF0063FC09 /* SequenceType+Contains.swift */; settings = {ASSET_TAGS = (); }; };
		63887FB61BAD0BF60063FC09 /* Dictionary+UIntRawRepresentableFallbackableFetching.swift in Sources */ = {isa = PBXBuildFile; fileRef = 63887F9D1BAD0BDF0063FC09 /* Dictionary+UIntRawRepresentableFallbackableFetching.swift */; settings = {ASSET_TAGS = (); }; };
		63887FB71BAD0BF60063FC09 /* Dictionary+Operator.swift in Sources */ = {isa = PBXBuildFile; fileRef = 63887F9E1BAD0BDF0063FC09 /* Dictionary+Operator.swift */; settings = {ASSET_TAGS = (); }; };
		63887FB81BAD0BF60063FC09 /* SequenceType+Intersects.swift in Sources */ = {isa = PBXBuildFile; fileRef = 63887F9F1BAD0BDF0063FC09 /* SequenceType+Intersects.swift */; settings = {ASSET_TAGS = (); }; };
		63887FB91BAD0BF60063FC09 /* RangeReplaceableCollectionType+RemoveDuplicates.swift in Sources */ = {isa = PBXBuildFile; fileRef = 63887FA01BAD0BDF0063FC09 /* RangeReplaceableCollectionType+RemoveDuplicates.swift */; settings = {ASSET_TAGS = (); }; };
		63887FBA1BAD0BF60063FC09 /* RawRepresentable+Enumerate.swift in Sources */ = {isa = PBXBuildFile; fileRef = 63887FA11BAD0BDF0063FC09 /* RawRepresentable+Enumerate.swift */; settings = {ASSET_TAGS = (); }; };
		63887FBB1BAD0BF60063FC09 /* RangeReplaceableCollectionType+Remove.swift in Sources */ = {isa = PBXBuildFile; fileRef = 63887FA21BAD0BDF0063FC09 /* RangeReplaceableCollectionType+Remove.swift */; settings = {ASSET_TAGS = (); }; };
		63887FBC1BAD0BF60063FC09 /* Set+Operator.swift in Sources */ = {isa = PBXBuildFile; fileRef = 63887FA31BAD0BDF0063FC09 /* Set+Operator.swift */; settings = {ASSET_TAGS = (); }; };
		63887FBD1BAD0BF60063FC09 /* SetAlgebraType+Operator.swift in Sources */ = {isa = PBXBuildFile; fileRef = 63887FA41BAD0BDF0063FC09 /* SetAlgebraType+Operator.swift */; settings = {ASSET_TAGS = (); }; };
		63887FBE1BAD0BF60063FC09 /* String+Operator.swift in Sources */ = {isa = PBXBuildFile; fileRef = 63887FA51BAD0BDF0063FC09 /* String+Operator.swift */; settings = {ASSET_TAGS = (); }; };
		63887FBF1BAD0BF60063FC09 /* Exponentiation.swift in Sources */ = {isa = PBXBuildFile; fileRef = 63887FA71BAD0BDF0063FC09 /* Exponentiation.swift */; settings = {ASSET_TAGS = (); }; };
		63887FC01BAD0BF60063FC09 /* Logical XOR.swift in Sources */ = {isa = PBXBuildFile; fileRef = 63887FA81BAD0BDF0063FC09 /* Logical XOR.swift */; settings = {ASSET_TAGS = (); }; };
		63887FC11BAD0BF60063FC09 /* CustomRecursiveStringConvertible.swift in Sources */ = {isa = PBXBuildFile; fileRef = 63887FAA1BAD0BDF0063FC09 /* CustomRecursiveStringConvertible.swift */; settings = {ASSET_TAGS = (); }; };
		63887FC21BAD0BF60063FC09 /* Fraction.swift in Sources */ = {isa = PBXBuildFile; fileRef = 63887FAB1BAD0BDF0063FC09 /* Fraction.swift */; settings = {ASSET_TAGS = (); }; };
		63887FC31BAD0BF60063FC09 /* Weak.swift in Sources */ = {isa = PBXBuildFile; fileRef = 63887FAC1BAD0BDF0063FC09 /* Weak.swift */; settings = {ASSET_TAGS = (); }; };
		63887FC41BAD0BF70063FC09 /* Date.swift in Sources */ = {isa = PBXBuildFile; fileRef = 63887F951BAD0BDF0063FC09 /* Date.swift */; settings = {ASSET_TAGS = (); }; };
		63887FC51BAD0BF70063FC09 /* TimeInterval.swift in Sources */ = {isa = PBXBuildFile; fileRef = 63887F961BAD0BDF0063FC09 /* TimeInterval.swift */; settings = {ASSET_TAGS = (); }; };
		63887FC61BAD0BF70063FC09 /* Array+Operator.swift in Sources */ = {isa = PBXBuildFile; fileRef = 63887F981BAD0BDF0063FC09 /* Array+Operator.swift */; settings = {ASSET_TAGS = (); }; };
		63887FC71BAD0BF70063FC09 /* SequenceType+MultipleMap.swift in Sources */ = {isa = PBXBuildFile; fileRef = 63887F991BAD0BDF0063FC09 /* SequenceType+MultipleMap.swift */; settings = {ASSET_TAGS = (); }; };
		63887FC81BAD0BF70063FC09 /* Indexable+IndexCap.swift in Sources */ = {isa = PBXBuildFile; fileRef = 63887F9A1BAD0BDF0063FC09 /* Indexable+IndexCap.swift */; settings = {ASSET_TAGS = (); }; };
		63887FC91BAD0BF70063FC09 /* CollectionType+Diff.swift in Sources */ = {isa = PBXBuildFile; fileRef = 63887F9B1BAD0BDF0063FC09 /* CollectionType+Diff.swift */; settings = {ASSET_TAGS = (); }; };
		63887FCA1BAD0BF70063FC09 /* SequenceType+Contains.swift in Sources */ = {isa = PBXBuildFile; fileRef = 63887F9C1BAD0BDF0063FC09 /* SequenceType+Contains.swift */; settings = {ASSET_TAGS = (); }; };
		63887FCB1BAD0BF70063FC09 /* Dictionary+UIntRawRepresentableFallbackableFetching.swift in Sources */ = {isa = PBXBuildFile; fileRef = 63887F9D1BAD0BDF0063FC09 /* Dictionary+UIntRawRepresentableFallbackableFetching.swift */; settings = {ASSET_TAGS = (); }; };
		63887FCC1BAD0BF70063FC09 /* Dictionary+Operator.swift in Sources */ = {isa = PBXBuildFile; fileRef = 63887F9E1BAD0BDF0063FC09 /* Dictionary+Operator.swift */; settings = {ASSET_TAGS = (); }; };
		63887FCD1BAD0BF70063FC09 /* SequenceType+Intersects.swift in Sources */ = {isa = PBXBuildFile; fileRef = 63887F9F1BAD0BDF0063FC09 /* SequenceType+Intersects.swift */; settings = {ASSET_TAGS = (); }; };
		63887FCE1BAD0BF70063FC09 /* RangeReplaceableCollectionType+RemoveDuplicates.swift in Sources */ = {isa = PBXBuildFile; fileRef = 63887FA01BAD0BDF0063FC09 /* RangeReplaceableCollectionType+RemoveDuplicates.swift */; settings = {ASSET_TAGS = (); }; };
		63887FCF1BAD0BF70063FC09 /* RawRepresentable+Enumerate.swift in Sources */ = {isa = PBXBuildFile; fileRef = 63887FA11BAD0BDF0063FC09 /* RawRepresentable+Enumerate.swift */; settings = {ASSET_TAGS = (); }; };
		63887FD01BAD0BF70063FC09 /* RangeReplaceableCollectionType+Remove.swift in Sources */ = {isa = PBXBuildFile; fileRef = 63887FA21BAD0BDF0063FC09 /* RangeReplaceableCollectionType+Remove.swift */; settings = {ASSET_TAGS = (); }; };
		63887FD11BAD0BF70063FC09 /* Set+Operator.swift in Sources */ = {isa = PBXBuildFile; fileRef = 63887FA31BAD0BDF0063FC09 /* Set+Operator.swift */; settings = {ASSET_TAGS = (); }; };
		63887FD21BAD0BF70063FC09 /* SetAlgebraType+Operator.swift in Sources */ = {isa = PBXBuildFile; fileRef = 63887FA41BAD0BDF0063FC09 /* SetAlgebraType+Operator.swift */; settings = {ASSET_TAGS = (); }; };
		63887FD31BAD0BF70063FC09 /* String+Operator.swift in Sources */ = {isa = PBXBuildFile; fileRef = 63887FA51BAD0BDF0063FC09 /* String+Operator.swift */; settings = {ASSET_TAGS = (); }; };
		63887FD41BAD0BF70063FC09 /* Exponentiation.swift in Sources */ = {isa = PBXBuildFile; fileRef = 63887FA71BAD0BDF0063FC09 /* Exponentiation.swift */; settings = {ASSET_TAGS = (); }; };
		63887FD51BAD0BF70063FC09 /* Logical XOR.swift in Sources */ = {isa = PBXBuildFile; fileRef = 63887FA81BAD0BDF0063FC09 /* Logical XOR.swift */; settings = {ASSET_TAGS = (); }; };
		63887FD61BAD0BF70063FC09 /* CustomRecursiveStringConvertible.swift in Sources */ = {isa = PBXBuildFile; fileRef = 63887FAA1BAD0BDF0063FC09 /* CustomRecursiveStringConvertible.swift */; settings = {ASSET_TAGS = (); }; };
		63887FD71BAD0BF70063FC09 /* Fraction.swift in Sources */ = {isa = PBXBuildFile; fileRef = 63887FAB1BAD0BDF0063FC09 /* Fraction.swift */; settings = {ASSET_TAGS = (); }; };
		63887FD81BAD0BF70063FC09 /* Weak.swift in Sources */ = {isa = PBXBuildFile; fileRef = 63887FAC1BAD0BDF0063FC09 /* Weak.swift */; settings = {ASSET_TAGS = (); }; };
		63887FD91BAD0BF80063FC09 /* Date.swift in Sources */ = {isa = PBXBuildFile; fileRef = 63887F951BAD0BDF0063FC09 /* Date.swift */; settings = {ASSET_TAGS = (); }; };
		63887FDA1BAD0BF80063FC09 /* TimeInterval.swift in Sources */ = {isa = PBXBuildFile; fileRef = 63887F961BAD0BDF0063FC09 /* TimeInterval.swift */; settings = {ASSET_TAGS = (); }; };
		63887FDB1BAD0BF80063FC09 /* Array+Operator.swift in Sources */ = {isa = PBXBuildFile; fileRef = 63887F981BAD0BDF0063FC09 /* Array+Operator.swift */; settings = {ASSET_TAGS = (); }; };
		63887FDC1BAD0BF80063FC09 /* SequenceType+MultipleMap.swift in Sources */ = {isa = PBXBuildFile; fileRef = 63887F991BAD0BDF0063FC09 /* SequenceType+MultipleMap.swift */; settings = {ASSET_TAGS = (); }; };
		63887FDD1BAD0BF80063FC09 /* Indexable+IndexCap.swift in Sources */ = {isa = PBXBuildFile; fileRef = 63887F9A1BAD0BDF0063FC09 /* Indexable+IndexCap.swift */; settings = {ASSET_TAGS = (); }; };
		63887FDE1BAD0BF80063FC09 /* CollectionType+Diff.swift in Sources */ = {isa = PBXBuildFile; fileRef = 63887F9B1BAD0BDF0063FC09 /* CollectionType+Diff.swift */; settings = {ASSET_TAGS = (); }; };
		63887FDF1BAD0BF80063FC09 /* SequenceType+Contains.swift in Sources */ = {isa = PBXBuildFile; fileRef = 63887F9C1BAD0BDF0063FC09 /* SequenceType+Contains.swift */; settings = {ASSET_TAGS = (); }; };
		63887FE01BAD0BF80063FC09 /* Dictionary+UIntRawRepresentableFallbackableFetching.swift in Sources */ = {isa = PBXBuildFile; fileRef = 63887F9D1BAD0BDF0063FC09 /* Dictionary+UIntRawRepresentableFallbackableFetching.swift */; settings = {ASSET_TAGS = (); }; };
		63887FE11BAD0BF80063FC09 /* Dictionary+Operator.swift in Sources */ = {isa = PBXBuildFile; fileRef = 63887F9E1BAD0BDF0063FC09 /* Dictionary+Operator.swift */; settings = {ASSET_TAGS = (); }; };
		63887FE21BAD0BF80063FC09 /* SequenceType+Intersects.swift in Sources */ = {isa = PBXBuildFile; fileRef = 63887F9F1BAD0BDF0063FC09 /* SequenceType+Intersects.swift */; settings = {ASSET_TAGS = (); }; };
		63887FE31BAD0BF80063FC09 /* RangeReplaceableCollectionType+RemoveDuplicates.swift in Sources */ = {isa = PBXBuildFile; fileRef = 63887FA01BAD0BDF0063FC09 /* RangeReplaceableCollectionType+RemoveDuplicates.swift */; settings = {ASSET_TAGS = (); }; };
		63887FE41BAD0BF80063FC09 /* RawRepresentable+Enumerate.swift in Sources */ = {isa = PBXBuildFile; fileRef = 63887FA11BAD0BDF0063FC09 /* RawRepresentable+Enumerate.swift */; settings = {ASSET_TAGS = (); }; };
		63887FE51BAD0BF80063FC09 /* RangeReplaceableCollectionType+Remove.swift in Sources */ = {isa = PBXBuildFile; fileRef = 63887FA21BAD0BDF0063FC09 /* RangeReplaceableCollectionType+Remove.swift */; settings = {ASSET_TAGS = (); }; };
		63887FE61BAD0BF80063FC09 /* Set+Operator.swift in Sources */ = {isa = PBXBuildFile; fileRef = 63887FA31BAD0BDF0063FC09 /* Set+Operator.swift */; settings = {ASSET_TAGS = (); }; };
		63887FE71BAD0BF80063FC09 /* SetAlgebraType+Operator.swift in Sources */ = {isa = PBXBuildFile; fileRef = 63887FA41BAD0BDF0063FC09 /* SetAlgebraType+Operator.swift */; settings = {ASSET_TAGS = (); }; };
		63887FE81BAD0BF80063FC09 /* String+Operator.swift in Sources */ = {isa = PBXBuildFile; fileRef = 63887FA51BAD0BDF0063FC09 /* String+Operator.swift */; settings = {ASSET_TAGS = (); }; };
		63887FE91BAD0BF80063FC09 /* Exponentiation.swift in Sources */ = {isa = PBXBuildFile; fileRef = 63887FA71BAD0BDF0063FC09 /* Exponentiation.swift */; settings = {ASSET_TAGS = (); }; };
		63887FEA1BAD0BF80063FC09 /* Logical XOR.swift in Sources */ = {isa = PBXBuildFile; fileRef = 63887FA81BAD0BDF0063FC09 /* Logical XOR.swift */; settings = {ASSET_TAGS = (); }; };
		63887FEB1BAD0BF80063FC09 /* CustomRecursiveStringConvertible.swift in Sources */ = {isa = PBXBuildFile; fileRef = 63887FAA1BAD0BDF0063FC09 /* CustomRecursiveStringConvertible.swift */; settings = {ASSET_TAGS = (); }; };
		63887FEC1BAD0BF80063FC09 /* Fraction.swift in Sources */ = {isa = PBXBuildFile; fileRef = 63887FAB1BAD0BDF0063FC09 /* Fraction.swift */; settings = {ASSET_TAGS = (); }; };
		63887FED1BAD0BF80063FC09 /* Weak.swift in Sources */ = {isa = PBXBuildFile; fileRef = 63887FAC1BAD0BDF0063FC09 /* Weak.swift */; settings = {ASSET_TAGS = (); }; };
		63887FEE1BAD0BFC0063FC09 /* TestCollectionTypeDiff.swift in Sources */ = {isa = PBXBuildFile; fileRef = 63887FAE1BAD0BDF0063FC09 /* TestCollectionTypeDiff.swift */; settings = {ASSET_TAGS = (); }; };
		63887FEF1BAD0BFD0063FC09 /* TestCollectionTypeDiff.swift in Sources */ = {isa = PBXBuildFile; fileRef = 63887FAE1BAD0BDF0063FC09 /* TestCollectionTypeDiff.swift */; settings = {ASSET_TAGS = (); }; };
		63887FF11BAD0D750063FC09 /* RangeReplaceableCollectionType+Intersects.swift in Sources */ = {isa = PBXBuildFile; fileRef = 63887FF01BAD0D750063FC09 /* RangeReplaceableCollectionType+Intersects.swift */; settings = {ASSET_TAGS = (); }; };
		63887FF21BAD0D750063FC09 /* RangeReplaceableCollectionType+Intersects.swift in Sources */ = {isa = PBXBuildFile; fileRef = 63887FF01BAD0D750063FC09 /* RangeReplaceableCollectionType+Intersects.swift */; settings = {ASSET_TAGS = (); }; };
		63887FF31BAD0D750063FC09 /* RangeReplaceableCollectionType+Intersects.swift in Sources */ = {isa = PBXBuildFile; fileRef = 63887FF01BAD0D750063FC09 /* RangeReplaceableCollectionType+Intersects.swift */; settings = {ASSET_TAGS = (); }; };
		63887FF51BAD0DC90063FC09 /* Dictionary+UIntOptionSetTypeFallbackableFetching.swift in Sources */ = {isa = PBXBuildFile; fileRef = 63887FF41BAD0DC90063FC09 /* Dictionary+UIntOptionSetTypeFallbackableFetching.swift */; settings = {ASSET_TAGS = (); }; };
		63887FF61BAD0DC90063FC09 /* Dictionary+UIntOptionSetTypeFallbackableFetching.swift in Sources */ = {isa = PBXBuildFile; fileRef = 63887FF41BAD0DC90063FC09 /* Dictionary+UIntOptionSetTypeFallbackableFetching.swift */; settings = {ASSET_TAGS = (); }; };
		63887FF71BAD0DC90063FC09 /* Dictionary+UIntOptionSetTypeFallbackableFetching.swift in Sources */ = {isa = PBXBuildFile; fileRef = 63887FF41BAD0DC90063FC09 /* Dictionary+UIntOptionSetTypeFallbackableFetching.swift */; settings = {ASSET_TAGS = (); }; };
		63887FF91BAD13D80063FC09 /* SequenceType+StoppableMap.swift in Sources */ = {isa = PBXBuildFile; fileRef = 63887FF81BAD13D80063FC09 /* SequenceType+StoppableMap.swift */; settings = {ASSET_TAGS = (); }; };
		63887FFA1BAD13D80063FC09 /* SequenceType+StoppableMap.swift in Sources */ = {isa = PBXBuildFile; fileRef = 63887FF81BAD13D80063FC09 /* SequenceType+StoppableMap.swift */; settings = {ASSET_TAGS = (); }; };
		63887FFB1BAD13D80063FC09 /* SequenceType+StoppableMap.swift in Sources */ = {isa = PBXBuildFile; fileRef = 63887FF81BAD13D80063FC09 /* SequenceType+StoppableMap.swift */; settings = {ASSET_TAGS = (); }; };
		63887FFD1BAD14AD0063FC09 /* SequenceType+StoppableReduce.swift in Sources */ = {isa = PBXBuildFile; fileRef = 63887FFC1BAD14AD0063FC09 /* SequenceType+StoppableReduce.swift */; settings = {ASSET_TAGS = (); }; };
		63887FFE1BAD14AD0063FC09 /* SequenceType+StoppableReduce.swift in Sources */ = {isa = PBXBuildFile; fileRef = 63887FFC1BAD14AD0063FC09 /* SequenceType+StoppableReduce.swift */; settings = {ASSET_TAGS = (); }; };
		63887FFF1BAD14AD0063FC09 /* SequenceType+StoppableReduce.swift in Sources */ = {isa = PBXBuildFile; fileRef = 63887FFC1BAD14AD0063FC09 /* SequenceType+StoppableReduce.swift */; settings = {ASSET_TAGS = (); }; };
		638880011BAD16C30063FC09 /* SequenceType+StoppableFlatMap.swift in Sources */ = {isa = PBXBuildFile; fileRef = 638880001BAD16C30063FC09 /* SequenceType+StoppableFlatMap.swift */; settings = {ASSET_TAGS = (); }; };
		638880021BAD16C30063FC09 /* SequenceType+StoppableFlatMap.swift in Sources */ = {isa = PBXBuildFile; fileRef = 638880001BAD16C30063FC09 /* SequenceType+StoppableFlatMap.swift */; settings = {ASSET_TAGS = (); }; };
		638880031BAD16C30063FC09 /* SequenceType+StoppableFlatMap.swift in Sources */ = {isa = PBXBuildFile; fileRef = 638880001BAD16C30063FC09 /* SequenceType+StoppableFlatMap.swift */; settings = {ASSET_TAGS = (); }; };
		639D3FD41BD63714008C1246 /* CollectionType+Merge.swift in Sources */ = {isa = PBXBuildFile; fileRef = 639D3FD31BD63714008C1246 /* CollectionType+Merge.swift */; settings = {ASSET_TAGS = (); }; };
		639D3FD51BD63714008C1246 /* CollectionType+Merge.swift in Sources */ = {isa = PBXBuildFile; fileRef = 639D3FD31BD63714008C1246 /* CollectionType+Merge.swift */; settings = {ASSET_TAGS = (); }; };
		639D3FD61BD63714008C1246 /* CollectionType+Merge.swift in Sources */ = {isa = PBXBuildFile; fileRef = 639D3FD31BD63714008C1246 /* CollectionType+Merge.swift */; settings = {ASSET_TAGS = (); }; };
		63A0D39B1BAF9D5E0027E544 /* JSON.swift in Sources */ = {isa = PBXBuildFile; fileRef = 63A0D39A1BAF9D5E0027E544 /* JSON.swift */; settings = {ASSET_TAGS = (); }; };
		63A0D39C1BAF9D5E0027E544 /* JSON.swift in Sources */ = {isa = PBXBuildFile; fileRef = 63A0D39A1BAF9D5E0027E544 /* JSON.swift */; settings = {ASSET_TAGS = (); }; };
		63A0D39D1BAF9D5E0027E544 /* JSON.swift in Sources */ = {isa = PBXBuildFile; fileRef = 63A0D39A1BAF9D5E0027E544 /* JSON.swift */; settings = {ASSET_TAGS = (); }; };
		63BC11B81BBE193300B8CBCE /* MultiTransactionCoalescer.swift in Sources */ = {isa = PBXBuildFile; fileRef = 63BC11B71BBE193300B8CBCE /* MultiTransactionCoalescer.swift */; settings = {ASSET_TAGS = (); }; };
		63BC11B91BBE193300B8CBCE /* MultiTransactionCoalescer.swift in Sources */ = {isa = PBXBuildFile; fileRef = 63BC11B71BBE193300B8CBCE /* MultiTransactionCoalescer.swift */; settings = {ASSET_TAGS = (); }; };
		63BC11BA1BBE193300B8CBCE /* MultiTransactionCoalescer.swift in Sources */ = {isa = PBXBuildFile; fileRef = 63BC11B71BBE193300B8CBCE /* MultiTransactionCoalescer.swift */; settings = {ASSET_TAGS = (); }; };
		63BC11BC1BBE5D2400B8CBCE /* TestMultiTransactionCoalescer.swift in Sources */ = {isa = PBXBuildFile; fileRef = 63BC11BB1BBE5D2400B8CBCE /* TestMultiTransactionCoalescer.swift */; settings = {ASSET_TAGS = (); }; };
		63BC11BD1BBE5D2400B8CBCE /* TestMultiTransactionCoalescer.swift in Sources */ = {isa = PBXBuildFile; fileRef = 63BC11BB1BBE5D2400B8CBCE /* TestMultiTransactionCoalescer.swift */; settings = {ASSET_TAGS = (); }; };
		63BC11C31BBE738600B8CBCE /* Int+PrimitiveIndexPathType.swift in Sources */ = {isa = PBXBuildFile; fileRef = 63BC11C21BBE738600B8CBCE /* Int+PrimitiveIndexPathType.swift */; settings = {ASSET_TAGS = (); }; };
		63BC11C41BBE738600B8CBCE /* Int+PrimitiveIndexPathType.swift in Sources */ = {isa = PBXBuildFile; fileRef = 63BC11C21BBE738600B8CBCE /* Int+PrimitiveIndexPathType.swift */; settings = {ASSET_TAGS = (); }; };
		63BC11C51BBE738600B8CBCE /* Int+PrimitiveIndexPathType.swift in Sources */ = {isa = PBXBuildFile; fileRef = 63BC11C21BBE738600B8CBCE /* Int+PrimitiveIndexPathType.swift */; settings = {ASSET_TAGS = (); }; };
/* End PBXBuildFile section */

/* Begin PBXContainerItemProxy section */
		63847C6219E79C0C0098BC0E /* PBXContainerItemProxy */ = {
			isa = PBXContainerItemProxy;
			containerPortal = 63847C4A19E79B8C0098BC0E /* Project object */;
			proxyType = 1;
			remoteGlobalIDString = 63847C5419E79C0C0098BC0E;
			remoteInfo = "SwiftExt-iOS";
		};
		63847C8019E79C200098BC0E /* PBXContainerItemProxy */ = {
			isa = PBXContainerItemProxy;
			containerPortal = 63847C4A19E79B8C0098BC0E /* Project object */;
			proxyType = 1;
			remoteGlobalIDString = 63847C7319E79C200098BC0E;
			remoteInfo = "SwiftExt-OS-X";
		};
/* End PBXContainerItemProxy section */

/* Begin PBXFileReference section */
		630B4D871B48DDA000830454 /* SwiftExt.framework */ = {isa = PBXFileReference; explicitFileType = wrapper.framework; includeInIndex = 0; path = SwiftExt.framework; sourceTree = BUILT_PRODUCTS_DIR; };
		630B4D8B1B48DDA000830454 /* Info.plist */ = {isa = PBXFileReference; lastKnownFileType = text.plist.xml; path = Info.plist; sourceTree = "<group>"; };
		631B68221BBBD9B600DF93E7 /* IndexPath.swift */ = {isa = PBXFileReference; fileEncoding = 4; lastKnownFileType = sourcecode.swift; path = IndexPath.swift; sourceTree = "<group>"; };
		631B68261BBCAE9500DF93E7 /* IndexPathInterval.swift */ = {isa = PBXFileReference; fileEncoding = 4; lastKnownFileType = sourcecode.swift; path = IndexPathInterval.swift; sourceTree = "<group>"; };
		63847C5519E79C0C0098BC0E /* SwiftExt.framework */ = {isa = PBXFileReference; explicitFileType = wrapper.framework; includeInIndex = 0; path = SwiftExt.framework; sourceTree = BUILT_PRODUCTS_DIR; };
		63847C5919E79C0C0098BC0E /* Info.plist */ = {isa = PBXFileReference; lastKnownFileType = text.plist.xml; path = Info.plist; sourceTree = "<group>"; };
		63847C6019E79C0C0098BC0E /* SwiftExt-iOSTests.xctest */ = {isa = PBXFileReference; explicitFileType = wrapper.cfbundle; includeInIndex = 0; path = "SwiftExt-iOSTests.xctest"; sourceTree = BUILT_PRODUCTS_DIR; };
		63847C6619E79C0C0098BC0E /* Info.plist */ = {isa = PBXFileReference; lastKnownFileType = text.plist.xml; path = Info.plist; sourceTree = "<group>"; };
		63847C7419E79C200098BC0E /* SwiftExt.framework */ = {isa = PBXFileReference; explicitFileType = wrapper.framework; includeInIndex = 0; path = SwiftExt.framework; sourceTree = BUILT_PRODUCTS_DIR; };
		63847C7719E79C200098BC0E /* Info.plist */ = {isa = PBXFileReference; lastKnownFileType = text.plist.xml; path = Info.plist; sourceTree = "<group>"; };
		63847C7E19E79C200098BC0E /* SwiftExt-iOSTests.xctest */ = {isa = PBXFileReference; explicitFileType = wrapper.cfbundle; includeInIndex = 0; path = "SwiftExt-iOSTests.xctest"; sourceTree = BUILT_PRODUCTS_DIR; };
		63847C8419E79C200098BC0E /* Info.plist */ = {isa = PBXFileReference; lastKnownFileType = text.plist.xml; path = Info.plist; sourceTree = "<group>"; };
		63887F951BAD0BDF0063FC09 /* Date.swift */ = {isa = PBXFileReference; lastKnownFileType = sourcecode.swift; path = Date.swift; sourceTree = "<group>"; };
		63887F961BAD0BDF0063FC09 /* TimeInterval.swift */ = {isa = PBXFileReference; lastKnownFileType = sourcecode.swift; path = TimeInterval.swift; sourceTree = "<group>"; };
		63887F981BAD0BDF0063FC09 /* Array+Operator.swift */ = {isa = PBXFileReference; lastKnownFileType = sourcecode.swift; path = "Array+Operator.swift"; sourceTree = "<group>"; };
		63887F991BAD0BDF0063FC09 /* SequenceType+MultipleMap.swift */ = {isa = PBXFileReference; lastKnownFileType = sourcecode.swift; path = "SequenceType+MultipleMap.swift"; sourceTree = "<group>"; };
		63887F9A1BAD0BDF0063FC09 /* Indexable+IndexCap.swift */ = {isa = PBXFileReference; lastKnownFileType = sourcecode.swift; path = "Indexable+IndexCap.swift"; sourceTree = "<group>"; };
		63887F9B1BAD0BDF0063FC09 /* CollectionType+Diff.swift */ = {isa = PBXFileReference; lastKnownFileType = sourcecode.swift; path = "CollectionType+Diff.swift"; sourceTree = "<group>"; };
		63887F9C1BAD0BDF0063FC09 /* SequenceType+Contains.swift */ = {isa = PBXFileReference; lastKnownFileType = sourcecode.swift; path = "SequenceType+Contains.swift"; sourceTree = "<group>"; };
		63887F9D1BAD0BDF0063FC09 /* Dictionary+UIntRawRepresentableFallbackableFetching.swift */ = {isa = PBXFileReference; lastKnownFileType = sourcecode.swift; path = "Dictionary+UIntRawRepresentableFallbackableFetching.swift"; sourceTree = "<group>"; };
		63887F9E1BAD0BDF0063FC09 /* Dictionary+Operator.swift */ = {isa = PBXFileReference; lastKnownFileType = sourcecode.swift; path = "Dictionary+Operator.swift"; sourceTree = "<group>"; };
		63887F9F1BAD0BDF0063FC09 /* SequenceType+Intersects.swift */ = {isa = PBXFileReference; lastKnownFileType = sourcecode.swift; path = "SequenceType+Intersects.swift"; sourceTree = "<group>"; };
		63887FA01BAD0BDF0063FC09 /* RangeReplaceableCollectionType+RemoveDuplicates.swift */ = {isa = PBXFileReference; lastKnownFileType = sourcecode.swift; path = "RangeReplaceableCollectionType+RemoveDuplicates.swift"; sourceTree = "<group>"; };
		63887FA11BAD0BDF0063FC09 /* RawRepresentable+Enumerate.swift */ = {isa = PBXFileReference; lastKnownFileType = sourcecode.swift; path = "RawRepresentable+Enumerate.swift"; sourceTree = "<group>"; };
		63887FA21BAD0BDF0063FC09 /* RangeReplaceableCollectionType+Remove.swift */ = {isa = PBXFileReference; lastKnownFileType = sourcecode.swift; path = "RangeReplaceableCollectionType+Remove.swift"; sourceTree = "<group>"; };
		63887FA31BAD0BDF0063FC09 /* Set+Operator.swift */ = {isa = PBXFileReference; lastKnownFileType = sourcecode.swift; path = "Set+Operator.swift"; sourceTree = "<group>"; };
		63887FA41BAD0BDF0063FC09 /* SetAlgebraType+Operator.swift */ = {isa = PBXFileReference; lastKnownFileType = sourcecode.swift; path = "SetAlgebraType+Operator.swift"; sourceTree = "<group>"; };
		63887FA51BAD0BDF0063FC09 /* String+Operator.swift */ = {isa = PBXFileReference; lastKnownFileType = sourcecode.swift; path = "String+Operator.swift"; sourceTree = "<group>"; };
		63887FA71BAD0BDF0063FC09 /* Exponentiation.swift */ = {isa = PBXFileReference; lastKnownFileType = sourcecode.swift; path = Exponentiation.swift; sourceTree = "<group>"; };
		63887FA81BAD0BDF0063FC09 /* Logical XOR.swift */ = {isa = PBXFileReference; lastKnownFileType = sourcecode.swift; path = "Logical XOR.swift"; sourceTree = "<group>"; };
		63887FAA1BAD0BDF0063FC09 /* CustomRecursiveStringConvertible.swift */ = {isa = PBXFileReference; lastKnownFileType = sourcecode.swift; path = CustomRecursiveStringConvertible.swift; sourceTree = "<group>"; };
		63887FAB1BAD0BDF0063FC09 /* Fraction.swift */ = {isa = PBXFileReference; lastKnownFileType = sourcecode.swift; path = Fraction.swift; sourceTree = "<group>"; };
		63887FAC1BAD0BDF0063FC09 /* Weak.swift */ = {isa = PBXFileReference; lastKnownFileType = sourcecode.swift; path = Weak.swift; sourceTree = "<group>"; };
		63887FAE1BAD0BDF0063FC09 /* TestCollectionTypeDiff.swift */ = {isa = PBXFileReference; lastKnownFileType = sourcecode.swift; path = TestCollectionTypeDiff.swift; sourceTree = "<group>"; };
		63887FF01BAD0D750063FC09 /* RangeReplaceableCollectionType+Intersects.swift */ = {isa = PBXFileReference; fileEncoding = 4; lastKnownFileType = sourcecode.swift; path = "RangeReplaceableCollectionType+Intersects.swift"; sourceTree = "<group>"; };
		63887FF41BAD0DC90063FC09 /* Dictionary+UIntOptionSetTypeFallbackableFetching.swift */ = {isa = PBXFileReference; fileEncoding = 4; lastKnownFileType = sourcecode.swift; path = "Dictionary+UIntOptionSetTypeFallbackableFetching.swift"; sourceTree = "<group>"; };
		63887FF81BAD13D80063FC09 /* SequenceType+StoppableMap.swift */ = {isa = PBXFileReference; fileEncoding = 4; lastKnownFileType = sourcecode.swift; path = "SequenceType+StoppableMap.swift"; sourceTree = "<group>"; };
		63887FFC1BAD14AD0063FC09 /* SequenceType+StoppableReduce.swift */ = {isa = PBXFileReference; fileEncoding = 4; lastKnownFileType = sourcecode.swift; path = "SequenceType+StoppableReduce.swift"; sourceTree = "<group>"; };
		638880001BAD16C30063FC09 /* SequenceType+StoppableFlatMap.swift */ = {isa = PBXFileReference; fileEncoding = 4; lastKnownFileType = sourcecode.swift; path = "SequenceType+StoppableFlatMap.swift"; sourceTree = "<group>"; };
		639D3FD31BD63714008C1246 /* CollectionType+Merge.swift */ = {isa = PBXFileReference; fileEncoding = 4; lastKnownFileType = sourcecode.swift; path = "CollectionType+Merge.swift"; sourceTree = "<group>"; };
		63A0D39A1BAF9D5E0027E544 /* JSON.swift */ = {isa = PBXFileReference; fileEncoding = 4; lastKnownFileType = sourcecode.swift; path = JSON.swift; sourceTree = "<group>"; };
		63BC11B71BBE193300B8CBCE /* MultiTransactionCoalescer.swift */ = {isa = PBXFileReference; fileEncoding = 4; lastKnownFileType = sourcecode.swift; path = MultiTransactionCoalescer.swift; sourceTree = "<group>"; };
		63BC11BB1BBE5D2400B8CBCE /* TestMultiTransactionCoalescer.swift */ = {isa = PBXFileReference; fileEncoding = 4; lastKnownFileType = sourcecode.swift; path = TestMultiTransactionCoalescer.swift; sourceTree = "<group>"; };
		63BC11C21BBE738600B8CBCE /* Int+PrimitiveIndexPathType.swift */ = {isa = PBXFileReference; fileEncoding = 4; lastKnownFileType = sourcecode.swift; path = "Int+PrimitiveIndexPathType.swift"; sourceTree = "<group>"; };
/* End PBXFileReference section */

/* Begin PBXFrameworksBuildPhase section */
		630B4D831B48DDA000830454 /* Frameworks */ = {
			isa = PBXFrameworksBuildPhase;
			buildActionMask = 2147483647;
			files = (
			);
			runOnlyForDeploymentPostprocessing = 0;
		};
		63847C5119E79C0C0098BC0E /* Frameworks */ = {
			isa = PBXFrameworksBuildPhase;
			buildActionMask = 2147483647;
			files = (
			);
			runOnlyForDeploymentPostprocessing = 0;
		};
		63847C5D19E79C0C0098BC0E /* Frameworks */ = {
			isa = PBXFrameworksBuildPhase;
			buildActionMask = 2147483647;
			files = (
				63847C6119E79C0C0098BC0E /* SwiftExt.framework in Frameworks */,
			);
			runOnlyForDeploymentPostprocessing = 0;
		};
		63847C7019E79C200098BC0E /* Frameworks */ = {
			isa = PBXFrameworksBuildPhase;
			buildActionMask = 2147483647;
			files = (
			);
			runOnlyForDeploymentPostprocessing = 0;
		};
		63847C7B19E79C200098BC0E /* Frameworks */ = {
			isa = PBXFrameworksBuildPhase;
			buildActionMask = 2147483647;
			files = (
				63847C7F19E79C200098BC0E /* SwiftExt.framework in Frameworks */,
			);
			runOnlyForDeploymentPostprocessing = 0;
		};
/* End PBXFrameworksBuildPhase section */

/* Begin PBXGroup section */
		630B4D881B48DDA000830454 /* SwiftExt-watchOS */ = {
			isa = PBXGroup;
			children = (
				630B4D8B1B48DDA000830454 /* Info.plist */,
			);
			path = "SwiftExt-watchOS";
			sourceTree = "<group>";
		};
		630B4DA51B48DDD700830454 /* Targets */ = {
			isa = PBXGroup;
			children = (
				63847C5719E79C0C0098BC0E /* SwiftExt-iOS */,
				63847C6419E79C0C0098BC0E /* SwiftExt-iOSTests */,
				63847C7519E79C200098BC0E /* SwiftExt-OS-X */,
				63847C8219E79C200098BC0E /* SwiftExt-OS-XTests */,
				630B4D881B48DDA000830454 /* SwiftExt-watchOS */,
			);
			name = Targets;
			sourceTree = "<group>";
		};
		63847C4919E79B8C0098BC0E = {
			isa = PBXGroup;
			children = (
				63887F931BAD0BDF0063FC09 /* SwiftExt */,
				63887FAD1BAD0BDF0063FC09 /* SwiftExtTests */,
				630B4DA51B48DDD700830454 /* Targets */,
				63847C5619E79C0C0098BC0E /* Products */,
			);
			sourceTree = "<group>";
		};
		63847C5619E79C0C0098BC0E /* Products */ = {
			isa = PBXGroup;
			children = (
				63847C5519E79C0C0098BC0E /* SwiftExt.framework */,
				63847C6019E79C0C0098BC0E /* SwiftExt-iOSTests.xctest */,
				63847C7419E79C200098BC0E /* SwiftExt.framework */,
				63847C7E19E79C200098BC0E /* SwiftExt-iOSTests.xctest */,
				630B4D871B48DDA000830454 /* SwiftExt.framework */,
			);
			name = Products;
			sourceTree = "<group>";
		};
		63847C5719E79C0C0098BC0E /* SwiftExt-iOS */ = {
			isa = PBXGroup;
			children = (
				63847C5819E79C0C0098BC0E /* Supporting Files */,
			);
			path = "SwiftExt-iOS";
			sourceTree = "<group>";
		};
		63847C5819E79C0C0098BC0E /* Supporting Files */ = {
			isa = PBXGroup;
			children = (
				63847C5919E79C0C0098BC0E /* Info.plist */,
			);
			name = "Supporting Files";
			sourceTree = "<group>";
		};
		63847C6419E79C0C0098BC0E /* SwiftExt-iOSTests */ = {
			isa = PBXGroup;
			children = (
				63847C6519E79C0C0098BC0E /* Supporting Files */,
			);
			path = "SwiftExt-iOSTests";
			sourceTree = "<group>";
		};
		63847C6519E79C0C0098BC0E /* Supporting Files */ = {
			isa = PBXGroup;
			children = (
				63847C6619E79C0C0098BC0E /* Info.plist */,
			);
			name = "Supporting Files";
			sourceTree = "<group>";
		};
		63847C7519E79C200098BC0E /* SwiftExt-OS-X */ = {
			isa = PBXGroup;
			children = (
				63847C7619E79C200098BC0E /* Supporting Files */,
			);
			path = "SwiftExt-OS-X";
			sourceTree = "<group>";
		};
		63847C7619E79C200098BC0E /* Supporting Files */ = {
			isa = PBXGroup;
			children = (
				63847C7719E79C200098BC0E /* Info.plist */,
			);
			name = "Supporting Files";
			sourceTree = "<group>";
		};
		63847C8219E79C200098BC0E /* SwiftExt-OS-XTests */ = {
			isa = PBXGroup;
			children = (
				63847C8319E79C200098BC0E /* Supporting Files */,
			);
			path = "SwiftExt-OS-XTests";
			sourceTree = "<group>";
		};
		63847C8319E79C200098BC0E /* Supporting Files */ = {
			isa = PBXGroup;
			children = (
				63847C8419E79C200098BC0E /* Info.plist */,
			);
			name = "Supporting Files";
			sourceTree = "<group>";
		};
		63887F931BAD0BDF0063FC09 /* SwiftExt */ = {
			isa = PBXGroup;
			children = (
				63887F941BAD0BDF0063FC09 /* DateTime */,
				63887F971BAD0BDF0063FC09 /* Extensions */,
				63887FA61BAD0BDF0063FC09 /* Functions */,
				63887FA91BAD0BDF0063FC09 /* Miscellaneous */,
			);
			path = SwiftExt;
			sourceTree = "<group>";
		};
		63887F941BAD0BDF0063FC09 /* DateTime */ = {
			isa = PBXGroup;
			children = (
				63887F951BAD0BDF0063FC09 /* Date.swift */,
				63887F961BAD0BDF0063FC09 /* TimeInterval.swift */,
			);
			path = DateTime;
			sourceTree = "<group>";
		};
		63887F971BAD0BDF0063FC09 /* Extensions */ = {
			isa = PBXGroup;
			children = (
				63887F981BAD0BDF0063FC09 /* Array+Operator.swift */,
				63887F9C1BAD0BDF0063FC09 /* SequenceType+Contains.swift */,
				63887F9F1BAD0BDF0063FC09 /* SequenceType+Intersects.swift */,
				63887F991BAD0BDF0063FC09 /* SequenceType+MultipleMap.swift */,
				63887FF81BAD13D80063FC09 /* SequenceType+StoppableMap.swift */,
				63887FFC1BAD14AD0063FC09 /* SequenceType+StoppableReduce.swift */,
				638880001BAD16C30063FC09 /* SequenceType+StoppableFlatMap.swift */,
				63887F9A1BAD0BDF0063FC09 /* Indexable+IndexCap.swift */,
				63887F9B1BAD0BDF0063FC09 /* CollectionType+Diff.swift */,
				639D3FD31BD63714008C1246 /* CollectionType+Merge.swift */,
				63887F9D1BAD0BDF0063FC09 /* Dictionary+UIntRawRepresentableFallbackableFetching.swift */,
				63887FF41BAD0DC90063FC09 /* Dictionary+UIntOptionSetTypeFallbackableFetching.swift */,
				63887F9E1BAD0BDF0063FC09 /* Dictionary+Operator.swift */,
				63887FA01BAD0BDF0063FC09 /* RangeReplaceableCollectionType+RemoveDuplicates.swift */,
				63887FF01BAD0D750063FC09 /* RangeReplaceableCollectionType+Intersects.swift */,
				63887FA21BAD0BDF0063FC09 /* RangeReplaceableCollectionType+Remove.swift */,
				63887FA11BAD0BDF0063FC09 /* RawRepresentable+Enumerate.swift */,
				63887FA31BAD0BDF0063FC09 /* Set+Operator.swift */,
				63887FA41BAD0BDF0063FC09 /* SetAlgebraType+Operator.swift */,
				63887FA51BAD0BDF0063FC09 /* String+Operator.swift */,
				63BC11C21BBE738600B8CBCE /* Int+PrimitiveIndexPathType.swift */,
			);
			path = Extensions;
			sourceTree = "<group>";
		};
		63887FA61BAD0BDF0063FC09 /* Functions */ = {
			isa = PBXGroup;
			children = (
				63887FA71BAD0BDF0063FC09 /* Exponentiation.swift */,
				63887FA81BAD0BDF0063FC09 /* Logical XOR.swift */,
			);
			path = Functions;
			sourceTree = "<group>";
		};
		63887FA91BAD0BDF0063FC09 /* Miscellaneous */ = {
			isa = PBXGroup;
			children = (
				63887FAA1BAD0BDF0063FC09 /* CustomRecursiveStringConvertible.swift */,
				63887FAB1BAD0BDF0063FC09 /* Fraction.swift */,
				63887FAC1BAD0BDF0063FC09 /* Weak.swift */,
				63A0D39A1BAF9D5E0027E544 /* JSON.swift */,
				631B68221BBBD9B600DF93E7 /* IndexPath.swift */,
				631B68261BBCAE9500DF93E7 /* IndexPathInterval.swift */,
				63BC11B71BBE193300B8CBCE /* MultiTransactionCoalescer.swift */,
			);
			path = Miscellaneous;
			sourceTree = "<group>";
		};
		63887FAD1BAD0BDF0063FC09 /* SwiftExtTests */ = {
			isa = PBXGroup;
			children = (
				63887FAE1BAD0BDF0063FC09 /* TestCollectionTypeDiff.swift */,
				63BC11BB1BBE5D2400B8CBCE /* TestMultiTransactionCoalescer.swift */,
			);
			path = SwiftExtTests;
			sourceTree = "<group>";
		};
/* End PBXGroup section */

/* Begin PBXHeadersBuildPhase section */
		630B4D841B48DDA000830454 /* Headers */ = {
			isa = PBXHeadersBuildPhase;
			buildActionMask = 2147483647;
			files = (
			);
			runOnlyForDeploymentPostprocessing = 0;
		};
		63847C5219E79C0C0098BC0E /* Headers */ = {
			isa = PBXHeadersBuildPhase;
			buildActionMask = 2147483647;
			files = (
			);
			runOnlyForDeploymentPostprocessing = 0;
		};
		63847C7119E79C200098BC0E /* Headers */ = {
			isa = PBXHeadersBuildPhase;
			buildActionMask = 2147483647;
			files = (
			);
			runOnlyForDeploymentPostprocessing = 0;
		};
/* End PBXHeadersBuildPhase section */

/* Begin PBXNativeTarget section */
		630B4D861B48DDA000830454 /* SwiftExt-watchOS */ = {
			isa = PBXNativeTarget;
			buildConfigurationList = 630B4D8E1B48DDA000830454 /* Build configuration list for PBXNativeTarget "SwiftExt-watchOS" */;
			buildPhases = (
				630B4D821B48DDA000830454 /* Sources */,
				630B4D831B48DDA000830454 /* Frameworks */,
				630B4D841B48DDA000830454 /* Headers */,
				630B4D851B48DDA000830454 /* Resources */,
			);
			buildRules = (
			);
			dependencies = (
			);
			name = "SwiftExt-watchOS";
			productName = "SwiftExt-watchOS";
			productReference = 630B4D871B48DDA000830454 /* SwiftExt.framework */;
			productType = "com.apple.product-type.framework";
		};
		63847C5419E79C0C0098BC0E /* SwiftExt-iOS */ = {
			isa = PBXNativeTarget;
			buildConfigurationList = 63847C6919E79C0C0098BC0E /* Build configuration list for PBXNativeTarget "SwiftExt-iOS" */;
			buildPhases = (
				63847C5019E79C0C0098BC0E /* Sources */,
				63847C5119E79C0C0098BC0E /* Frameworks */,
				63847C5219E79C0C0098BC0E /* Headers */,
				63847C5319E79C0C0098BC0E /* Resources */,
			);
			buildRules = (
			);
			dependencies = (
			);
			name = "SwiftExt-iOS";
			productName = "SwiftExt-iOS";
			productReference = 63847C5519E79C0C0098BC0E /* SwiftExt.framework */;
			productType = "com.apple.product-type.framework";
		};
		63847C5F19E79C0C0098BC0E /* SwiftExt-iOSTests */ = {
			isa = PBXNativeTarget;
			buildConfigurationList = 63847C6C19E79C0C0098BC0E /* Build configuration list for PBXNativeTarget "SwiftExt-iOSTests" */;
			buildPhases = (
				63847C5C19E79C0C0098BC0E /* Sources */,
				63847C5D19E79C0C0098BC0E /* Frameworks */,
				63847C5E19E79C0C0098BC0E /* Resources */,
			);
			buildRules = (
			);
			dependencies = (
				63847C6319E79C0C0098BC0E /* PBXTargetDependency */,
			);
			name = "SwiftExt-iOSTests";
			productName = "SwiftExt-iOSTests";
			productReference = 63847C6019E79C0C0098BC0E /* SwiftExt-iOSTests.xctest */;
			productType = "com.apple.product-type.bundle.unit-test";
		};
		63847C7319E79C200098BC0E /* SwiftExt-OS X */ = {
			isa = PBXNativeTarget;
			buildConfigurationList = 63847C8719E79C200098BC0E /* Build configuration list for PBXNativeTarget "SwiftExt-OS X" */;
			buildPhases = (
				63847C6F19E79C200098BC0E /* Sources */,
				63847C7019E79C200098BC0E /* Frameworks */,
				63847C7119E79C200098BC0E /* Headers */,
				63847C7219E79C200098BC0E /* Resources */,
			);
			buildRules = (
			);
			dependencies = (
			);
			name = "SwiftExt-OS X";
			productName = "SwiftExt-OS-X";
			productReference = 63847C7419E79C200098BC0E /* SwiftExt.framework */;
			productType = "com.apple.product-type.framework";
		};
		63847C7D19E79C200098BC0E /* SwiftExt-OS-XTests */ = {
			isa = PBXNativeTarget;
			buildConfigurationList = 63847C8A19E79C200098BC0E /* Build configuration list for PBXNativeTarget "SwiftExt-OS-XTests" */;
			buildPhases = (
				63847C7A19E79C200098BC0E /* Sources */,
				63847C7B19E79C200098BC0E /* Frameworks */,
				63847C7C19E79C200098BC0E /* Resources */,
			);
			buildRules = (
			);
			dependencies = (
				63847C8119E79C200098BC0E /* PBXTargetDependency */,
			);
			name = "SwiftExt-OS-XTests";
			productName = "SwiftExt-OS-XTests";
			productReference = 63847C7E19E79C200098BC0E /* SwiftExt-iOSTests.xctest */;
			productType = "com.apple.product-type.bundle.unit-test";
		};
/* End PBXNativeTarget section */

/* Begin PBXProject section */
		63847C4A19E79B8C0098BC0E /* Project object */ = {
			isa = PBXProject;
			attributes = {
				LastSwiftUpdateCheck = 0700;
				LastUpgradeCheck = 0700;
				TargetAttributes = {
					630B4D861B48DDA000830454 = {
						CreatedOnToolsVersion = 7.0;
					};
					63847C5419E79C0C0098BC0E = {
						CreatedOnToolsVersion = 6.1;
						DevelopmentTeam = A8KGC2QQ74;
					};
					63847C5F19E79C0C0098BC0E = {
						CreatedOnToolsVersion = 6.1;
						DevelopmentTeam = A8KGC2QQ74;
					};
					63847C7319E79C200098BC0E = {
						CreatedOnToolsVersion = 6.1;
					};
					63847C7D19E79C200098BC0E = {
						CreatedOnToolsVersion = 6.1;
					};
				};
			};
			buildConfigurationList = 63847C4D19E79B8C0098BC0E /* Build configuration list for PBXProject "SwiftExt" */;
			compatibilityVersion = "Xcode 3.2";
			developmentRegion = English;
			hasScannedForEncodings = 0;
			knownRegions = (
				en,
			);
			mainGroup = 63847C4919E79B8C0098BC0E;
			productRefGroup = 63847C5619E79C0C0098BC0E /* Products */;
			projectDirPath = "";
			projectRoot = "";
			targets = (
				63847C5419E79C0C0098BC0E /* SwiftExt-iOS */,
				63847C5F19E79C0C0098BC0E /* SwiftExt-iOSTests */,
				63847C7319E79C200098BC0E /* SwiftExt-OS X */,
				63847C7D19E79C200098BC0E /* SwiftExt-OS-XTests */,
				630B4D861B48DDA000830454 /* SwiftExt-watchOS */,
			);
		};
/* End PBXProject section */

/* Begin PBXResourcesBuildPhase section */
		630B4D851B48DDA000830454 /* Resources */ = {
			isa = PBXResourcesBuildPhase;
			buildActionMask = 2147483647;
			files = (
			);
			runOnlyForDeploymentPostprocessing = 0;
		};
		63847C5319E79C0C0098BC0E /* Resources */ = {
			isa = PBXResourcesBuildPhase;
			buildActionMask = 2147483647;
			files = (
			);
			runOnlyForDeploymentPostprocessing = 0;
		};
		63847C5E19E79C0C0098BC0E /* Resources */ = {
			isa = PBXResourcesBuildPhase;
			buildActionMask = 2147483647;
			files = (
			);
			runOnlyForDeploymentPostprocessing = 0;
		};
		63847C7219E79C200098BC0E /* Resources */ = {
			isa = PBXResourcesBuildPhase;
			buildActionMask = 2147483647;
			files = (
			);
			runOnlyForDeploymentPostprocessing = 0;
		};
		63847C7C19E79C200098BC0E /* Resources */ = {
			isa = PBXResourcesBuildPhase;
			buildActionMask = 2147483647;
			files = (
			);
			runOnlyForDeploymentPostprocessing = 0;
		};
/* End PBXResourcesBuildPhase section */

/* Begin PBXSourcesBuildPhase section */
		630B4D821B48DDA000830454 /* Sources */ = {
			isa = PBXSourcesBuildPhase;
			buildActionMask = 2147483647;
			files = (
				63887FE01BAD0BF80063FC09 /* Dictionary+UIntRawRepresentableFallbackableFetching.swift in Sources */,
				63887FDC1BAD0BF80063FC09 /* SequenceType+MultipleMap.swift in Sources */,
				63887FE61BAD0BF80063FC09 /* Set+Operator.swift in Sources */,
				63887FFF1BAD14AD0063FC09 /* SequenceType+StoppableReduce.swift in Sources */,
				63887FDB1BAD0BF80063FC09 /* Array+Operator.swift in Sources */,
				63887FDE1BAD0BF80063FC09 /* CollectionType+Diff.swift in Sources */,
				63887FE51BAD0BF80063FC09 /* RangeReplaceableCollectionType+Remove.swift in Sources */,
				638880031BAD16C30063FC09 /* SequenceType+StoppableFlatMap.swift in Sources */,
				63887FD91BAD0BF80063FC09 /* Date.swift in Sources */,
				631B68291BBCAE9500DF93E7 /* IndexPathInterval.swift in Sources */,
				63887FFB1BAD13D80063FC09 /* SequenceType+StoppableMap.swift in Sources */,
				63887FDF1BAD0BF80063FC09 /* SequenceType+Contains.swift in Sources */,
				63887FDD1BAD0BF80063FC09 /* Indexable+IndexCap.swift in Sources */,
				63887FEB1BAD0BF80063FC09 /* CustomRecursiveStringConvertible.swift in Sources */,
				63887FE21BAD0BF80063FC09 /* SequenceType+Intersects.swift in Sources */,
				63887FEA1BAD0BF80063FC09 /* Logical XOR.swift in Sources */,
				63887FF31BAD0D750063FC09 /* RangeReplaceableCollectionType+Intersects.swift in Sources */,
				63887FE41BAD0BF80063FC09 /* RawRepresentable+Enumerate.swift in Sources */,
				63BC11C51BBE738600B8CBCE /* Int+PrimitiveIndexPathType.swift in Sources */,
				63887FE11BAD0BF80063FC09 /* Dictionary+Operator.swift in Sources */,
				63887FE71BAD0BF80063FC09 /* SetAlgebraType+Operator.swift in Sources */,
				631B68251BBBD9B600DF93E7 /* IndexPath.swift in Sources */,
				63887FE31BAD0BF80063FC09 /* RangeReplaceableCollectionType+RemoveDuplicates.swift in Sources */,
				63887FE91BAD0BF80063FC09 /* Exponentiation.swift in Sources */,
				63A0D39D1BAF9D5E0027E544 /* JSON.swift in Sources */,
				63BC11BA1BBE193300B8CBCE /* MultiTransactionCoalescer.swift in Sources */,
				63887FE81BAD0BF80063FC09 /* String+Operator.swift in Sources */,
				63887FDA1BAD0BF80063FC09 /* TimeInterval.swift in Sources */,
				63887FF71BAD0DC90063FC09 /* Dictionary+UIntOptionSetTypeFallbackableFetching.swift in Sources */,
				63887FEC1BAD0BF80063FC09 /* Fraction.swift in Sources */,
				639D3FD61BD63714008C1246 /* CollectionType+Merge.swift in Sources */,
				63887FED1BAD0BF80063FC09 /* Weak.swift in Sources */,
			);
			runOnlyForDeploymentPostprocessing = 0;
		};
		63847C5019E79C0C0098BC0E /* Sources */ = {
			isa = PBXSourcesBuildPhase;
			buildActionMask = 2147483647;
			files = (
				63887FB61BAD0BF60063FC09 /* Dictionary+UIntRawRepresentableFallbackableFetching.swift in Sources */,
				63887FB21BAD0BF60063FC09 /* SequenceType+MultipleMap.swift in Sources */,
				63887FBC1BAD0BF60063FC09 /* Set+Operator.swift in Sources */,
				63887FFD1BAD14AD0063FC09 /* SequenceType+StoppableReduce.swift in Sources */,
				63887FB11BAD0BF60063FC09 /* Array+Operator.swift in Sources */,
				63887FB41BAD0BF60063FC09 /* CollectionType+Diff.swift in Sources */,
				63887FBB1BAD0BF60063FC09 /* RangeReplaceableCollectionType+Remove.swift in Sources */,
				638880011BAD16C30063FC09 /* SequenceType+StoppableFlatMap.swift in Sources */,
				63887FAF1BAD0BF60063FC09 /* Date.swift in Sources */,
				631B68271BBCAE9500DF93E7 /* IndexPathInterval.swift in Sources */,
				63887FF91BAD13D80063FC09 /* SequenceType+StoppableMap.swift in Sources */,
				63887FB51BAD0BF60063FC09 /* SequenceType+Contains.swift in Sources */,
				63887FB31BAD0BF60063FC09 /* Indexable+IndexCap.swift in Sources */,
				63887FC11BAD0BF60063FC09 /* CustomRecursiveStringConvertible.swift in Sources */,
				63887FB81BAD0BF60063FC09 /* SequenceType+Intersects.swift in Sources */,
				63887FC01BAD0BF60063FC09 /* Logical XOR.swift in Sources */,
				63887FF11BAD0D750063FC09 /* RangeReplaceableCollectionType+Intersects.swift in Sources */,
				63887FBA1BAD0BF60063FC09 /* RawRepresentable+Enumerate.swift in Sources */,
				63BC11C31BBE738600B8CBCE /* Int+PrimitiveIndexPathType.swift in Sources */,
				63887FB71BAD0BF60063FC09 /* Dictionary+Operator.swift in Sources */,
				63887FBD1BAD0BF60063FC09 /* SetAlgebraType+Operator.swift in Sources */,
				631B68231BBBD9B600DF93E7 /* IndexPath.swift in Sources */,
				63887FB91BAD0BF60063FC09 /* RangeReplaceableCollectionType+RemoveDuplicates.swift in Sources */,
				63887FBF1BAD0BF60063FC09 /* Exponentiation.swift in Sources */,
				63A0D39B1BAF9D5E0027E544 /* JSON.swift in Sources */,
				63BC11B81BBE193300B8CBCE /* MultiTransactionCoalescer.swift in Sources */,
				63887FBE1BAD0BF60063FC09 /* String+Operator.swift in Sources */,
				63887FB01BAD0BF60063FC09 /* TimeInterval.swift in Sources */,
				63887FF51BAD0DC90063FC09 /* Dictionary+UIntOptionSetTypeFallbackableFetching.swift in Sources */,
				63887FC21BAD0BF60063FC09 /* Fraction.swift in Sources */,
				639D3FD41BD63714008C1246 /* CollectionType+Merge.swift in Sources */,
				63887FC31BAD0BF60063FC09 /* Weak.swift in Sources */,
			);
			runOnlyForDeploymentPostprocessing = 0;
		};
		63847C5C19E79C0C0098BC0E /* Sources */ = {
			isa = PBXSourcesBuildPhase;
			buildActionMask = 2147483647;
			files = (
				63BC11BC1BBE5D2400B8CBCE /* TestMultiTransactionCoalescer.swift in Sources */,
				63887FEF1BAD0BFD0063FC09 /* TestCollectionTypeDiff.swift in Sources */,
			);
			runOnlyForDeploymentPostprocessing = 0;
		};
		63847C6F19E79C200098BC0E /* Sources */ = {
			isa = PBXSourcesBuildPhase;
			buildActionMask = 2147483647;
			files = (
				63887FCB1BAD0BF70063FC09 /* Dictionary+UIntRawRepresentableFallbackableFetching.swift in Sources */,
				63887FC71BAD0BF70063FC09 /* SequenceType+MultipleMap.swift in Sources */,
				63887FD11BAD0BF70063FC09 /* Set+Operator.swift in Sources */,
				63887FFE1BAD14AD0063FC09 /* SequenceType+StoppableReduce.swift in Sources */,
				63887FC61BAD0BF70063FC09 /* Array+Operator.swift in Sources */,
				63887FC91BAD0BF70063FC09 /* CollectionType+Diff.swift in Sources */,
				63887FD01BAD0BF70063FC09 /* RangeReplaceableCollectionType+Remove.swift in Sources */,
				638880021BAD16C30063FC09 /* SequenceType+StoppableFlatMap.swift in Sources */,
				63887FC41BAD0BF70063FC09 /* Date.swift in Sources */,
				631B68281BBCAE9500DF93E7 /* IndexPathInterval.swift in Sources */,
				63887FFA1BAD13D80063FC09 /* SequenceType+StoppableMap.swift in Sources */,
				63887FCA1BAD0BF70063FC09 /* SequenceType+Contains.swift in Sources */,
				63887FC81BAD0BF70063FC09 /* Indexable+IndexCap.swift in Sources */,
				63887FD61BAD0BF70063FC09 /* CustomRecursiveStringConvertible.swift in Sources */,
				63887FCD1BAD0BF70063FC09 /* SequenceType+Intersects.swift in Sources */,
				63887FD51BAD0BF70063FC09 /* Logical XOR.swift in Sources */,
				63887FF21BAD0D750063FC09 /* RangeReplaceableCollectionType+Intersects.swift in Sources */,
				63887FCF1BAD0BF70063FC09 /* RawRepresentable+Enumerate.swift in Sources */,
				63BC11C41BBE738600B8CBCE /* Int+PrimitiveIndexPathType.swift in Sources */,
				63887FCC1BAD0BF70063FC09 /* Dictionary+Operator.swift in Sources */,
				63887FD21BAD0BF70063FC09 /* SetAlgebraType+Operator.swift in Sources */,
				631B68241BBBD9B600DF93E7 /* IndexPath.swift in Sources */,
				63887FCE1BAD0BF70063FC09 /* RangeReplaceableCollectionType+RemoveDuplicates.swift in Sources */,
				63887FD41BAD0BF70063FC09 /* Exponentiation.swift in Sources */,
				63A0D39C1BAF9D5E0027E544 /* JSON.swift in Sources */,
				63BC11B91BBE193300B8CBCE /* MultiTransactionCoalescer.swift in Sources */,
				63887FD31BAD0BF70063FC09 /* String+Operator.swift in Sources */,
				63887FC51BAD0BF70063FC09 /* TimeInterval.swift in Sources */,
				63887FF61BAD0DC90063FC09 /* Dictionary+UIntOptionSetTypeFallbackableFetching.swift in Sources */,
				63887FD71BAD0BF70063FC09 /* Fraction.swift in Sources */,
				639D3FD51BD63714008C1246 /* CollectionType+Merge.swift in Sources */,
				63887FD81BAD0BF70063FC09 /* Weak.swift in Sources */,
			);
			runOnlyForDeploymentPostprocessing = 0;
		};
		63847C7A19E79C200098BC0E /* Sources */ = {
			isa = PBXSourcesBuildPhase;
			buildActionMask = 2147483647;
			files = (
				63BC11BD1BBE5D2400B8CBCE /* TestMultiTransactionCoalescer.swift in Sources */,
				63887FEE1BAD0BFC0063FC09 /* TestCollectionTypeDiff.swift in Sources */,
			);
			runOnlyForDeploymentPostprocessing = 0;
		};
/* End PBXSourcesBuildPhase section */

/* Begin PBXTargetDependency section */
		63847C6319E79C0C0098BC0E /* PBXTargetDependency */ = {
			isa = PBXTargetDependency;
			target = 63847C5419E79C0C0098BC0E /* SwiftExt-iOS */;
			targetProxy = 63847C6219E79C0C0098BC0E /* PBXContainerItemProxy */;
		};
		63847C8119E79C200098BC0E /* PBXTargetDependency */ = {
			isa = PBXTargetDependency;
			target = 63847C7319E79C200098BC0E /* SwiftExt-OS X */;
			targetProxy = 63847C8019E79C200098BC0E /* PBXContainerItemProxy */;
		};
/* End PBXTargetDependency section */

/* Begin XCBuildConfiguration section */
		630B4D8C1B48DDA000830454 /* Debug */ = {
			isa = XCBuildConfiguration;
			buildSettings = {
				ALWAYS_SEARCH_USER_PATHS = NO;
				CLANG_CXX_LANGUAGE_STANDARD = "gnu++0x";
				CLANG_CXX_LIBRARY = "libc++";
				CLANG_ENABLE_MODULES = YES;
				CLANG_ENABLE_OBJC_ARC = YES;
				CLANG_WARN_BOOL_CONVERSION = YES;
				CLANG_WARN_CONSTANT_CONVERSION = YES;
				CLANG_WARN_DIRECT_OBJC_ISA_USAGE = YES_ERROR;
				CLANG_WARN_EMPTY_BODY = YES;
				CLANG_WARN_ENUM_CONVERSION = YES;
				CLANG_WARN_INT_CONVERSION = YES;
				CLANG_WARN_OBJC_ROOT_CLASS = YES_ERROR;
				CLANG_WARN_UNREACHABLE_CODE = YES;
				CLANG_WARN__DUPLICATE_METHOD_MATCH = YES;
				COPY_PHASE_STRIP = NO;
				CURRENT_PROJECT_VERSION = 1;
				DEFINES_MODULE = YES;
				DYLIB_COMPATIBILITY_VERSION = 1;
				DYLIB_CURRENT_VERSION = 1;
				DYLIB_INSTALL_NAME_BASE = "@rpath";
				ENABLE_STRICT_OBJC_MSGSEND = YES;
				GCC_C_LANGUAGE_STANDARD = gnu99;
				GCC_DYNAMIC_NO_PIC = NO;
				GCC_NO_COMMON_BLOCKS = YES;
				GCC_OPTIMIZATION_LEVEL = 0;
				GCC_PREPROCESSOR_DEFINITIONS = (
					"DEBUG=1",
					"$(inherited)",
				);
				GCC_WARN_64_TO_32_BIT_CONVERSION = YES;
				GCC_WARN_ABOUT_RETURN_TYPE = YES_ERROR;
				GCC_WARN_UNDECLARED_SELECTOR = YES;
				GCC_WARN_UNINITIALIZED_AUTOS = YES_AGGRESSIVE;
				GCC_WARN_UNUSED_FUNCTION = YES;
				GCC_WARN_UNUSED_VARIABLE = YES;
				INFOPLIST_FILE = "SwiftExt-watchOS/Info.plist";
				INSTALL_PATH = "$(LOCAL_LIBRARY_DIR)/Frameworks";
				LD_RUNPATH_SEARCH_PATHS = "$(inherited) @executable_path/Frameworks @loader_path/Frameworks";
				MTL_ENABLE_DEBUG_INFO = YES;
				PRODUCT_BUNDLE_IDENTIFIER = "com.WeZZard.SwiftExt-watchOS";
				PRODUCT_NAME = SwiftExt;
				SDKROOT = watchos;
				SKIP_INSTALL = YES;
				SWIFT_OPTIMIZATION_LEVEL = "-Onone";
				TARGETED_DEVICE_FAMILY = 4;
				VERSIONING_SYSTEM = "apple-generic";
				VERSION_INFO_PREFIX = "";
				WATCHOS_DEPLOYMENT_TARGET = 2.0;
			};
			name = Debug;
		};
		630B4D8D1B48DDA000830454 /* Release */ = {
			isa = XCBuildConfiguration;
			buildSettings = {
				ALWAYS_SEARCH_USER_PATHS = NO;
				CLANG_CXX_LANGUAGE_STANDARD = "gnu++0x";
				CLANG_CXX_LIBRARY = "libc++";
				CLANG_ENABLE_MODULES = YES;
				CLANG_ENABLE_OBJC_ARC = YES;
				CLANG_WARN_BOOL_CONVERSION = YES;
				CLANG_WARN_CONSTANT_CONVERSION = YES;
				CLANG_WARN_DIRECT_OBJC_ISA_USAGE = YES_ERROR;
				CLANG_WARN_EMPTY_BODY = YES;
				CLANG_WARN_ENUM_CONVERSION = YES;
				CLANG_WARN_INT_CONVERSION = YES;
				CLANG_WARN_OBJC_ROOT_CLASS = YES_ERROR;
				CLANG_WARN_UNREACHABLE_CODE = YES;
				CLANG_WARN__DUPLICATE_METHOD_MATCH = YES;
				CODE_SIGN_IDENTITY = "iPhone Distribution";
				COPY_PHASE_STRIP = NO;
				CURRENT_PROJECT_VERSION = 1;
				DEFINES_MODULE = YES;
				DYLIB_COMPATIBILITY_VERSION = 1;
				DYLIB_CURRENT_VERSION = 1;
				DYLIB_INSTALL_NAME_BASE = "@rpath";
				ENABLE_NS_ASSERTIONS = NO;
				ENABLE_STRICT_OBJC_MSGSEND = YES;
				GCC_C_LANGUAGE_STANDARD = gnu99;
				GCC_NO_COMMON_BLOCKS = YES;
				GCC_WARN_64_TO_32_BIT_CONVERSION = YES;
				GCC_WARN_ABOUT_RETURN_TYPE = YES_ERROR;
				GCC_WARN_UNDECLARED_SELECTOR = YES;
				GCC_WARN_UNINITIALIZED_AUTOS = YES_AGGRESSIVE;
				GCC_WARN_UNUSED_FUNCTION = YES;
				GCC_WARN_UNUSED_VARIABLE = YES;
				INFOPLIST_FILE = "SwiftExt-watchOS/Info.plist";
				INSTALL_PATH = "$(LOCAL_LIBRARY_DIR)/Frameworks";
				LD_RUNPATH_SEARCH_PATHS = "$(inherited) @executable_path/Frameworks @loader_path/Frameworks";
				MTL_ENABLE_DEBUG_INFO = NO;
				PRODUCT_BUNDLE_IDENTIFIER = "com.WeZZard.SwiftExt-watchOS";
				PRODUCT_NAME = SwiftExt;
				SDKROOT = watchos;
				SKIP_INSTALL = YES;
				TARGETED_DEVICE_FAMILY = 4;
				VALIDATE_PRODUCT = YES;
				VERSIONING_SYSTEM = "apple-generic";
				VERSION_INFO_PREFIX = "";
				WATCHOS_DEPLOYMENT_TARGET = 2.0;
			};
			name = Release;
		};
		63847C4E19E79B8C0098BC0E /* Debug */ = {
			isa = XCBuildConfiguration;
			buildSettings = {
				APPLICATION_EXTENSION_API_ONLY = YES;
				DEBUG_INFORMATION_FORMAT = "dwarf-with-dsym";
				ENABLE_TESTABILITY = YES;
				IPHONEOS_DEPLOYMENT_TARGET = 8.0;
				MACOSX_DEPLOYMENT_TARGET = 10.10;
				ONLY_ACTIVE_ARCH = YES;
			};
			name = Debug;
		};
		63847C4F19E79B8C0098BC0E /* Release */ = {
			isa = XCBuildConfiguration;
			buildSettings = {
				APPLICATION_EXTENSION_API_ONLY = YES;
				DEBUG_INFORMATION_FORMAT = "dwarf-with-dsym";
				IPHONEOS_DEPLOYMENT_TARGET = 8.0;
				MACOSX_DEPLOYMENT_TARGET = 10.10;
			};
			name = Release;
		};
		63847C6A19E79C0C0098BC0E /* Debug */ = {
			isa = XCBuildConfiguration;
			buildSettings = {
				ALWAYS_SEARCH_USER_PATHS = NO;
				CLANG_CXX_LANGUAGE_STANDARD = "gnu++0x";
				CLANG_CXX_LIBRARY = "libc++";
				CLANG_ENABLE_MODULES = YES;
				CLANG_ENABLE_OBJC_ARC = YES;
				CLANG_WARN_BOOL_CONVERSION = YES;
				CLANG_WARN_CONSTANT_CONVERSION = YES;
				CLANG_WARN_DIRECT_OBJC_ISA_USAGE = YES_ERROR;
				CLANG_WARN_EMPTY_BODY = YES;
				CLANG_WARN_ENUM_CONVERSION = YES;
				CLANG_WARN_INT_CONVERSION = YES;
				CLANG_WARN_OBJC_ROOT_CLASS = YES_ERROR;
				CLANG_WARN_UNREACHABLE_CODE = YES;
				CLANG_WARN__DUPLICATE_METHOD_MATCH = YES;
				CODE_SIGN_IDENTITY = "iPhone Developer";
				COPY_PHASE_STRIP = NO;
				CURRENT_PROJECT_VERSION = 1;
				DEFINES_MODULE = YES;
				DYLIB_COMPATIBILITY_VERSION = 1;
				DYLIB_CURRENT_VERSION = 1;
				DYLIB_INSTALL_NAME_BASE = "@rpath";
				ENABLE_STRICT_OBJC_MSGSEND = YES;
				GCC_C_LANGUAGE_STANDARD = gnu99;
				GCC_DYNAMIC_NO_PIC = NO;
				GCC_OPTIMIZATION_LEVEL = 0;
				GCC_PREPROCESSOR_DEFINITIONS = (
					"DEBUG=1",
					"$(inherited)",
				);
				GCC_SYMBOLS_PRIVATE_EXTERN = NO;
				GCC_WARN_64_TO_32_BIT_CONVERSION = YES;
				GCC_WARN_ABOUT_RETURN_TYPE = YES_ERROR;
				GCC_WARN_UNDECLARED_SELECTOR = YES;
				GCC_WARN_UNINITIALIZED_AUTOS = YES_AGGRESSIVE;
				GCC_WARN_UNUSED_FUNCTION = YES;
				GCC_WARN_UNUSED_VARIABLE = YES;
				INFOPLIST_FILE = "SwiftExt-iOS/Info.plist";
				INSTALL_PATH = "$(LOCAL_LIBRARY_DIR)/Frameworks";
				IPHONEOS_DEPLOYMENT_TARGET = 8.0;
				LD_RUNPATH_SEARCH_PATHS = "$(inherited) @executable_path/Frameworks @loader_path/Frameworks";
				MTL_ENABLE_DEBUG_INFO = YES;
				ONLY_ACTIVE_ARCH = YES;
				PRODUCT_BUNDLE_IDENTIFIER = "com.WeZZard.$(PRODUCT_NAME:rfc1034identifier)";
				PRODUCT_MODULE_NAME = SwiftExt;
				PRODUCT_NAME = SwiftExt;
				SDKROOT = iphoneos;
				SKIP_INSTALL = YES;
				SWIFT_OPTIMIZATION_LEVEL = "-Onone";
				TARGETED_DEVICE_FAMILY = "1,2";
				VERSIONING_SYSTEM = "apple-generic";
				VERSION_INFO_PREFIX = "";
			};
			name = Debug;
		};
		63847C6B19E79C0C0098BC0E /* Release */ = {
			isa = XCBuildConfiguration;
			buildSettings = {
				ALWAYS_SEARCH_USER_PATHS = NO;
				CLANG_CXX_LANGUAGE_STANDARD = "gnu++0x";
				CLANG_CXX_LIBRARY = "libc++";
				CLANG_ENABLE_MODULES = YES;
				CLANG_ENABLE_OBJC_ARC = YES;
				CLANG_WARN_BOOL_CONVERSION = YES;
				CLANG_WARN_CONSTANT_CONVERSION = YES;
				CLANG_WARN_DIRECT_OBJC_ISA_USAGE = YES_ERROR;
				CLANG_WARN_EMPTY_BODY = YES;
				CLANG_WARN_ENUM_CONVERSION = YES;
				CLANG_WARN_INT_CONVERSION = YES;
				CLANG_WARN_OBJC_ROOT_CLASS = YES_ERROR;
				CLANG_WARN_UNREACHABLE_CODE = YES;
				CLANG_WARN__DUPLICATE_METHOD_MATCH = YES;
				CODE_SIGN_IDENTITY = "iPhone Distribution";
				COPY_PHASE_STRIP = YES;
				CURRENT_PROJECT_VERSION = 1;
				DEFINES_MODULE = YES;
				DYLIB_COMPATIBILITY_VERSION = 1;
				DYLIB_CURRENT_VERSION = 1;
				DYLIB_INSTALL_NAME_BASE = "@rpath";
				ENABLE_NS_ASSERTIONS = NO;
				ENABLE_STRICT_OBJC_MSGSEND = YES;
				GCC_C_LANGUAGE_STANDARD = gnu99;
				GCC_WARN_64_TO_32_BIT_CONVERSION = YES;
				GCC_WARN_ABOUT_RETURN_TYPE = YES_ERROR;
				GCC_WARN_UNDECLARED_SELECTOR = YES;
				GCC_WARN_UNINITIALIZED_AUTOS = YES_AGGRESSIVE;
				GCC_WARN_UNUSED_FUNCTION = YES;
				GCC_WARN_UNUSED_VARIABLE = YES;
				INFOPLIST_FILE = "SwiftExt-iOS/Info.plist";
				INSTALL_PATH = "$(LOCAL_LIBRARY_DIR)/Frameworks";
				IPHONEOS_DEPLOYMENT_TARGET = 8.0;
				LD_RUNPATH_SEARCH_PATHS = "$(inherited) @executable_path/Frameworks @loader_path/Frameworks";
				MTL_ENABLE_DEBUG_INFO = NO;
				PRODUCT_BUNDLE_IDENTIFIER = "com.WeZZard.$(PRODUCT_NAME:rfc1034identifier)";
				PRODUCT_MODULE_NAME = SwiftExt;
				PRODUCT_NAME = SwiftExt;
				SDKROOT = iphoneos;
				SKIP_INSTALL = YES;
				TARGETED_DEVICE_FAMILY = "1,2";
				VALIDATE_PRODUCT = YES;
				VERSIONING_SYSTEM = "apple-generic";
				VERSION_INFO_PREFIX = "";
			};
			name = Release;
		};
		63847C6D19E79C0C0098BC0E /* Debug */ = {
			isa = XCBuildConfiguration;
			buildSettings = {
				ALWAYS_SEARCH_USER_PATHS = NO;
				CLANG_CXX_LANGUAGE_STANDARD = "gnu++0x";
				CLANG_CXX_LIBRARY = "libc++";
				CLANG_ENABLE_MODULES = YES;
				CLANG_ENABLE_OBJC_ARC = YES;
				CLANG_WARN_BOOL_CONVERSION = YES;
				CLANG_WARN_CONSTANT_CONVERSION = YES;
				CLANG_WARN_DIRECT_OBJC_ISA_USAGE = YES_ERROR;
				CLANG_WARN_EMPTY_BODY = YES;
				CLANG_WARN_ENUM_CONVERSION = YES;
				CLANG_WARN_INT_CONVERSION = YES;
				CLANG_WARN_OBJC_ROOT_CLASS = YES_ERROR;
				CLANG_WARN_UNREACHABLE_CODE = YES;
				CLANG_WARN__DUPLICATE_METHOD_MATCH = YES;
				CODE_SIGN_IDENTITY = "iPhone Developer";
				"CODE_SIGN_IDENTITY[sdk=iphoneos*]" = "iPhone Developer";
				COPY_PHASE_STRIP = NO;
				ENABLE_STRICT_OBJC_MSGSEND = YES;
				FRAMEWORK_SEARCH_PATHS = (
					"$(SDKROOT)/Developer/Library/Frameworks",
					"$(inherited)",
				);
				GCC_C_LANGUAGE_STANDARD = gnu99;
				GCC_DYNAMIC_NO_PIC = NO;
				GCC_OPTIMIZATION_LEVEL = 0;
				GCC_PREPROCESSOR_DEFINITIONS = (
					"DEBUG=1",
					"$(inherited)",
				);
				GCC_SYMBOLS_PRIVATE_EXTERN = NO;
				GCC_WARN_64_TO_32_BIT_CONVERSION = YES;
				GCC_WARN_ABOUT_RETURN_TYPE = YES_ERROR;
				GCC_WARN_UNDECLARED_SELECTOR = YES;
				GCC_WARN_UNINITIALIZED_AUTOS = YES_AGGRESSIVE;
				GCC_WARN_UNUSED_FUNCTION = YES;
				GCC_WARN_UNUSED_VARIABLE = YES;
				INFOPLIST_FILE = "SwiftExt-iOSTests/Info.plist";
				IPHONEOS_DEPLOYMENT_TARGET = 8.1;
				LD_RUNPATH_SEARCH_PATHS = "$(inherited) @executable_path/Frameworks @loader_path/Frameworks";
				MTL_ENABLE_DEBUG_INFO = YES;
				ONLY_ACTIVE_ARCH = YES;
				PRODUCT_BUNDLE_IDENTIFIER = "com.WeZZard.$(PRODUCT_NAME:rfc1034identifier)";
				PRODUCT_NAME = "SwiftExt-iOSTests";
				PROVISIONING_PROFILE = "";
				SDKROOT = iphoneos;
			};
			name = Debug;
		};
		63847C6E19E79C0C0098BC0E /* Release */ = {
			isa = XCBuildConfiguration;
			buildSettings = {
				ALWAYS_SEARCH_USER_PATHS = NO;
				CLANG_CXX_LANGUAGE_STANDARD = "gnu++0x";
				CLANG_CXX_LIBRARY = "libc++";
				CLANG_ENABLE_MODULES = YES;
				CLANG_ENABLE_OBJC_ARC = YES;
				CLANG_WARN_BOOL_CONVERSION = YES;
				CLANG_WARN_CONSTANT_CONVERSION = YES;
				CLANG_WARN_DIRECT_OBJC_ISA_USAGE = YES_ERROR;
				CLANG_WARN_EMPTY_BODY = YES;
				CLANG_WARN_ENUM_CONVERSION = YES;
				CLANG_WARN_INT_CONVERSION = YES;
				CLANG_WARN_OBJC_ROOT_CLASS = YES_ERROR;
				CLANG_WARN_UNREACHABLE_CODE = YES;
				CLANG_WARN__DUPLICATE_METHOD_MATCH = YES;
				CODE_SIGN_IDENTITY = "iPhone Developer";
				"CODE_SIGN_IDENTITY[sdk=iphoneos*]" = "iPhone Developer";
				COPY_PHASE_STRIP = YES;
				ENABLE_NS_ASSERTIONS = NO;
				ENABLE_STRICT_OBJC_MSGSEND = YES;
				FRAMEWORK_SEARCH_PATHS = (
					"$(SDKROOT)/Developer/Library/Frameworks",
					"$(inherited)",
				);
				GCC_C_LANGUAGE_STANDARD = gnu99;
				GCC_WARN_64_TO_32_BIT_CONVERSION = YES;
				GCC_WARN_ABOUT_RETURN_TYPE = YES_ERROR;
				GCC_WARN_UNDECLARED_SELECTOR = YES;
				GCC_WARN_UNINITIALIZED_AUTOS = YES_AGGRESSIVE;
				GCC_WARN_UNUSED_FUNCTION = YES;
				GCC_WARN_UNUSED_VARIABLE = YES;
				INFOPLIST_FILE = "SwiftExt-iOSTests/Info.plist";
				IPHONEOS_DEPLOYMENT_TARGET = 8.1;
				LD_RUNPATH_SEARCH_PATHS = "$(inherited) @executable_path/Frameworks @loader_path/Frameworks";
				MTL_ENABLE_DEBUG_INFO = NO;
				PRODUCT_BUNDLE_IDENTIFIER = "com.WeZZard.$(PRODUCT_NAME:rfc1034identifier)";
				PRODUCT_NAME = "SwiftExt-iOSTests";
				PROVISIONING_PROFILE = "";
				SDKROOT = iphoneos;
				VALIDATE_PRODUCT = YES;
			};
			name = Release;
		};
		63847C8819E79C200098BC0E /* Debug */ = {
			isa = XCBuildConfiguration;
			buildSettings = {
				ALWAYS_SEARCH_USER_PATHS = NO;
				CLANG_CXX_LANGUAGE_STANDARD = "gnu++0x";
				CLANG_CXX_LIBRARY = "libc++";
				CLANG_ENABLE_MODULES = YES;
				CLANG_ENABLE_OBJC_ARC = YES;
				CLANG_WARN_BOOL_CONVERSION = YES;
				CLANG_WARN_CONSTANT_CONVERSION = YES;
				CLANG_WARN_DIRECT_OBJC_ISA_USAGE = YES_ERROR;
				CLANG_WARN_EMPTY_BODY = YES;
				CLANG_WARN_ENUM_CONVERSION = YES;
				CLANG_WARN_INT_CONVERSION = YES;
				CLANG_WARN_OBJC_ROOT_CLASS = YES_ERROR;
				CLANG_WARN_UNREACHABLE_CODE = YES;
				CLANG_WARN__DUPLICATE_METHOD_MATCH = YES;
				CODE_SIGN_IDENTITY = "Mac Developer";
				COMBINE_HIDPI_IMAGES = YES;
				COPY_PHASE_STRIP = NO;
				CURRENT_PROJECT_VERSION = 1;
				DEFINES_MODULE = YES;
				DYLIB_COMPATIBILITY_VERSION = 1;
				DYLIB_CURRENT_VERSION = 1;
				DYLIB_INSTALL_NAME_BASE = "@rpath";
				ENABLE_STRICT_OBJC_MSGSEND = YES;
				FRAMEWORK_VERSION = A;
				GCC_C_LANGUAGE_STANDARD = gnu99;
				GCC_DYNAMIC_NO_PIC = NO;
				GCC_OPTIMIZATION_LEVEL = 0;
				GCC_PREPROCESSOR_DEFINITIONS = (
					"DEBUG=1",
					"$(inherited)",
				);
				GCC_SYMBOLS_PRIVATE_EXTERN = NO;
				GCC_WARN_64_TO_32_BIT_CONVERSION = YES;
				GCC_WARN_ABOUT_RETURN_TYPE = YES_ERROR;
				GCC_WARN_UNDECLARED_SELECTOR = YES;
				GCC_WARN_UNINITIALIZED_AUTOS = YES_AGGRESSIVE;
				GCC_WARN_UNUSED_FUNCTION = YES;
				GCC_WARN_UNUSED_VARIABLE = YES;
				INFOPLIST_FILE = "SwiftExt-OS-X/Info.plist";
				INSTALL_PATH = "$(LOCAL_LIBRARY_DIR)/Frameworks";
				LD_RUNPATH_SEARCH_PATHS = "$(inherited) @executable_path/../Frameworks @loader_path/Frameworks";
				MACOSX_DEPLOYMENT_TARGET = 10.10;
				MTL_ENABLE_DEBUG_INFO = YES;
				ONLY_ACTIVE_ARCH = YES;
				PRODUCT_BUNDLE_IDENTIFIER = "com.WeZZard.$(PRODUCT_NAME:rfc1034identifier)";
				PRODUCT_MODULE_NAME = SwiftExt;
				PRODUCT_NAME = SwiftExt;
				SDKROOT = macosx;
				SKIP_INSTALL = YES;
				SWIFT_OPTIMIZATION_LEVEL = "-Onone";
				VERSIONING_SYSTEM = "apple-generic";
				VERSION_INFO_PREFIX = "";
			};
			name = Debug;
		};
		63847C8919E79C200098BC0E /* Release */ = {
			isa = XCBuildConfiguration;
			buildSettings = {
				ALWAYS_SEARCH_USER_PATHS = NO;
				CLANG_CXX_LANGUAGE_STANDARD = "gnu++0x";
				CLANG_CXX_LIBRARY = "libc++";
				CLANG_ENABLE_MODULES = YES;
				CLANG_ENABLE_OBJC_ARC = YES;
				CLANG_WARN_BOOL_CONVERSION = YES;
				CLANG_WARN_CONSTANT_CONVERSION = YES;
				CLANG_WARN_DIRECT_OBJC_ISA_USAGE = YES_ERROR;
				CLANG_WARN_EMPTY_BODY = YES;
				CLANG_WARN_ENUM_CONVERSION = YES;
				CLANG_WARN_INT_CONVERSION = YES;
				CLANG_WARN_OBJC_ROOT_CLASS = YES_ERROR;
				CLANG_WARN_UNREACHABLE_CODE = YES;
				CLANG_WARN__DUPLICATE_METHOD_MATCH = YES;
				CODE_SIGN_IDENTITY = "3rd Party Mac Developer Application";
				COMBINE_HIDPI_IMAGES = YES;
				COPY_PHASE_STRIP = YES;
				CURRENT_PROJECT_VERSION = 1;
				DEFINES_MODULE = YES;
				DYLIB_COMPATIBILITY_VERSION = 1;
				DYLIB_CURRENT_VERSION = 1;
				DYLIB_INSTALL_NAME_BASE = "@rpath";
				ENABLE_NS_ASSERTIONS = NO;
				ENABLE_STRICT_OBJC_MSGSEND = YES;
				FRAMEWORK_VERSION = A;
				GCC_C_LANGUAGE_STANDARD = gnu99;
				GCC_WARN_64_TO_32_BIT_CONVERSION = YES;
				GCC_WARN_ABOUT_RETURN_TYPE = YES_ERROR;
				GCC_WARN_UNDECLARED_SELECTOR = YES;
				GCC_WARN_UNINITIALIZED_AUTOS = YES_AGGRESSIVE;
				GCC_WARN_UNUSED_FUNCTION = YES;
				GCC_WARN_UNUSED_VARIABLE = YES;
				INFOPLIST_FILE = "SwiftExt-OS-X/Info.plist";
				INSTALL_PATH = "$(LOCAL_LIBRARY_DIR)/Frameworks";
				LD_RUNPATH_SEARCH_PATHS = "$(inherited) @executable_path/../Frameworks @loader_path/Frameworks";
				MACOSX_DEPLOYMENT_TARGET = 10.10;
				MTL_ENABLE_DEBUG_INFO = NO;
				PRODUCT_BUNDLE_IDENTIFIER = "com.WeZZard.$(PRODUCT_NAME:rfc1034identifier)";
				PRODUCT_MODULE_NAME = SwiftExt;
				PRODUCT_NAME = SwiftExt;
				SDKROOT = macosx;
				SKIP_INSTALL = YES;
				VERSIONING_SYSTEM = "apple-generic";
				VERSION_INFO_PREFIX = "";
			};
			name = Release;
		};
		63847C8B19E79C200098BC0E /* Debug */ = {
			isa = XCBuildConfiguration;
			buildSettings = {
				ALWAYS_SEARCH_USER_PATHS = NO;
				CLANG_CXX_LANGUAGE_STANDARD = "gnu++0x";
				CLANG_CXX_LIBRARY = "libc++";
				CLANG_ENABLE_MODULES = YES;
				CLANG_ENABLE_OBJC_ARC = YES;
				CLANG_WARN_BOOL_CONVERSION = YES;
				CLANG_WARN_CONSTANT_CONVERSION = YES;
				CLANG_WARN_DIRECT_OBJC_ISA_USAGE = YES_ERROR;
				CLANG_WARN_EMPTY_BODY = YES;
				CLANG_WARN_ENUM_CONVERSION = YES;
				CLANG_WARN_INT_CONVERSION = YES;
				CLANG_WARN_OBJC_ROOT_CLASS = YES_ERROR;
				CLANG_WARN_UNREACHABLE_CODE = YES;
				CLANG_WARN__DUPLICATE_METHOD_MATCH = YES;
				COMBINE_HIDPI_IMAGES = YES;
				COPY_PHASE_STRIP = NO;
				ENABLE_STRICT_OBJC_MSGSEND = YES;
				FRAMEWORK_SEARCH_PATHS = (
					"$(DEVELOPER_FRAMEWORKS_DIR)",
					"$(inherited)",
				);
				GCC_C_LANGUAGE_STANDARD = gnu99;
				GCC_DYNAMIC_NO_PIC = NO;
				GCC_OPTIMIZATION_LEVEL = 0;
				GCC_PREPROCESSOR_DEFINITIONS = (
					"DEBUG=1",
					"$(inherited)",
				);
				GCC_SYMBOLS_PRIVATE_EXTERN = NO;
				GCC_WARN_64_TO_32_BIT_CONVERSION = YES;
				GCC_WARN_ABOUT_RETURN_TYPE = YES_ERROR;
				GCC_WARN_UNDECLARED_SELECTOR = YES;
				GCC_WARN_UNINITIALIZED_AUTOS = YES_AGGRESSIVE;
				GCC_WARN_UNUSED_FUNCTION = YES;
				GCC_WARN_UNUSED_VARIABLE = YES;
				INFOPLIST_FILE = "SwiftExt-OS-XTests/Info.plist";
				LD_RUNPATH_SEARCH_PATHS = "$(inherited) @executable_path/../Frameworks @loader_path/../Frameworks";
				MACOSX_DEPLOYMENT_TARGET = 10.10;
				MTL_ENABLE_DEBUG_INFO = YES;
				ONLY_ACTIVE_ARCH = YES;
				PRODUCT_BUNDLE_IDENTIFIER = "com.WeZZard.$(PRODUCT_NAME:rfc1034identifier)";
				PRODUCT_NAME = "SwiftExt-iOSTests";
				SDKROOT = macosx;
			};
			name = Debug;
		};
		63847C8C19E79C200098BC0E /* Release */ = {
			isa = XCBuildConfiguration;
			buildSettings = {
				ALWAYS_SEARCH_USER_PATHS = NO;
				CLANG_CXX_LANGUAGE_STANDARD = "gnu++0x";
				CLANG_CXX_LIBRARY = "libc++";
				CLANG_ENABLE_MODULES = YES;
				CLANG_ENABLE_OBJC_ARC = YES;
				CLANG_WARN_BOOL_CONVERSION = YES;
				CLANG_WARN_CONSTANT_CONVERSION = YES;
				CLANG_WARN_DIRECT_OBJC_ISA_USAGE = YES_ERROR;
				CLANG_WARN_EMPTY_BODY = YES;
				CLANG_WARN_ENUM_CONVERSION = YES;
				CLANG_WARN_INT_CONVERSION = YES;
				CLANG_WARN_OBJC_ROOT_CLASS = YES_ERROR;
				CLANG_WARN_UNREACHABLE_CODE = YES;
				CLANG_WARN__DUPLICATE_METHOD_MATCH = YES;
				COMBINE_HIDPI_IMAGES = YES;
				COPY_PHASE_STRIP = YES;
				DEBUG_INFORMATION_FORMAT = "dwarf-with-dsym";
				ENABLE_NS_ASSERTIONS = NO;
				ENABLE_STRICT_OBJC_MSGSEND = YES;
				FRAMEWORK_SEARCH_PATHS = (
					"$(DEVELOPER_FRAMEWORKS_DIR)",
					"$(inherited)",
				);
				GCC_C_LANGUAGE_STANDARD = gnu99;
				GCC_WARN_64_TO_32_BIT_CONVERSION = YES;
				GCC_WARN_ABOUT_RETURN_TYPE = YES_ERROR;
				GCC_WARN_UNDECLARED_SELECTOR = YES;
				GCC_WARN_UNINITIALIZED_AUTOS = YES_AGGRESSIVE;
				GCC_WARN_UNUSED_FUNCTION = YES;
				GCC_WARN_UNUSED_VARIABLE = YES;
				INFOPLIST_FILE = "SwiftExt-OS-XTests/Info.plist";
				LD_RUNPATH_SEARCH_PATHS = "$(inherited) @executable_path/../Frameworks @loader_path/../Frameworks";
				MACOSX_DEPLOYMENT_TARGET = 10.10;
				MTL_ENABLE_DEBUG_INFO = NO;
				PRODUCT_BUNDLE_IDENTIFIER = "com.WeZZard.$(PRODUCT_NAME:rfc1034identifier)";
				PRODUCT_NAME = "SwiftExt-iOSTests";
				SDKROOT = macosx;
			};
			name = Release;
		};
/* End XCBuildConfiguration section */

/* Begin XCConfigurationList section */
		630B4D8E1B48DDA000830454 /* Build configuration list for PBXNativeTarget "SwiftExt-watchOS" */ = {
			isa = XCConfigurationList;
			buildConfigurations = (
				630B4D8C1B48DDA000830454 /* Debug */,
				630B4D8D1B48DDA000830454 /* Release */,
			);
			defaultConfigurationIsVisible = 0;
			defaultConfigurationName = Release;
		};
		63847C4D19E79B8C0098BC0E /* Build configuration list for PBXProject "SwiftExt" */ = {
			isa = XCConfigurationList;
			buildConfigurations = (
				63847C4E19E79B8C0098BC0E /* Debug */,
				63847C4F19E79B8C0098BC0E /* Release */,
			);
			defaultConfigurationIsVisible = 0;
			defaultConfigurationName = Release;
		};
		63847C6919E79C0C0098BC0E /* Build configuration list for PBXNativeTarget "SwiftExt-iOS" */ = {
			isa = XCConfigurationList;
			buildConfigurations = (
				63847C6A19E79C0C0098BC0E /* Debug */,
				63847C6B19E79C0C0098BC0E /* Release */,
			);
			defaultConfigurationIsVisible = 0;
			defaultConfigurationName = Release;
		};
		63847C6C19E79C0C0098BC0E /* Build configuration list for PBXNativeTarget "SwiftExt-iOSTests" */ = {
			isa = XCConfigurationList;
			buildConfigurations = (
				63847C6D19E79C0C0098BC0E /* Debug */,
				63847C6E19E79C0C0098BC0E /* Release */,
			);
			defaultConfigurationIsVisible = 0;
			defaultConfigurationName = Release;
		};
		63847C8719E79C200098BC0E /* Build configuration list for PBXNativeTarget "SwiftExt-OS X" */ = {
			isa = XCConfigurationList;
			buildConfigurations = (
				63847C8819E79C200098BC0E /* Debug */,
				63847C8919E79C200098BC0E /* Release */,
			);
			defaultConfigurationIsVisible = 0;
			defaultConfigurationName = Release;
		};
		63847C8A19E79C200098BC0E /* Build configuration list for PBXNativeTarget "SwiftExt-OS-XTests" */ = {
			isa = XCConfigurationList;
			buildConfigurations = (
				63847C8B19E79C200098BC0E /* Debug */,
				63847C8C19E79C200098BC0E /* Release */,
			);
			defaultConfigurationIsVisible = 0;
			defaultConfigurationName = Release;
		};
/* End XCConfigurationList section */
	};
	rootObject = 63847C4A19E79B8C0098BC0E /* Project object */;
}
